// !$*UTF8*$!
{
	archiveVersion = 1;
	classes = {
	};
	objectVersion = 46;
	objects = {

/* Begin PBXBuildFile section */
		C44554401B5D19B100E300B8 /* main.m in Sources */ = {isa = PBXBuildFile; fileRef = C445543F1B5D19B100E300B8 /* main.m */; };
		C44554431B5D19B100E300B8 /* AppDelegate.m in Sources */ = {isa = PBXBuildFile; fileRef = C44554421B5D19B100E300B8 /* AppDelegate.m */; };
		C44554461B5D19B100E300B8 /* ViewController.m in Sources */ = {isa = PBXBuildFile; fileRef = C44554451B5D19B100E300B8 /* ViewController.m */; };
		C44554491B5D19B100E300B8 /* Main.storyboard in Resources */ = {isa = PBXBuildFile; fileRef = C44554471B5D19B100E300B8 /* Main.storyboard */; };
		C445544B1B5D19B100E300B8 /* Images.xcassets in Resources */ = {isa = PBXBuildFile; fileRef = C445544A1B5D19B100E300B8 /* Images.xcassets */; };
		C445544E1B5D19B100E300B8 /* LaunchScreen.xib in Resources */ = {isa = PBXBuildFile; fileRef = C445544C1B5D19B100E300B8 /* LaunchScreen.xib */; };
		C445545A1B5D19B100E300B8 /* nxscaeTests.m in Sources */ = {isa = PBXBuildFile; fileRef = C44554591B5D19B100E300B8 /* nxscaeTests.m */; };
		C47F87711B5D405200AFFDEC /* AFHTTPRequestOperation.m in Sources */ = {isa = PBXBuildFile; fileRef = C47F870F1B5D405200AFFDEC /* AFHTTPRequestOperation.m */; };
		C47F87721B5D405200AFFDEC /* AFHTTPRequestOperationManager.m in Sources */ = {isa = PBXBuildFile; fileRef = C47F87111B5D405200AFFDEC /* AFHTTPRequestOperationManager.m */; };
		C47F87731B5D405200AFFDEC /* AFHTTPSessionManager.m in Sources */ = {isa = PBXBuildFile; fileRef = C47F87131B5D405200AFFDEC /* AFHTTPSessionManager.m */; };
		C47F87741B5D405200AFFDEC /* AFNetworkReachabilityManager.m in Sources */ = {isa = PBXBuildFile; fileRef = C47F87161B5D405200AFFDEC /* AFNetworkReachabilityManager.m */; };
		C47F87751B5D405200AFFDEC /* AFSecurityPolicy.m in Sources */ = {isa = PBXBuildFile; fileRef = C47F87181B5D405200AFFDEC /* AFSecurityPolicy.m */; };
		C47F87761B5D405200AFFDEC /* AFURLConnectionOperation.m in Sources */ = {isa = PBXBuildFile; fileRef = C47F871A1B5D405200AFFDEC /* AFURLConnectionOperation.m */; };
		C47F87771B5D405200AFFDEC /* AFURLRequestSerialization.m in Sources */ = {isa = PBXBuildFile; fileRef = C47F871C1B5D405200AFFDEC /* AFURLRequestSerialization.m */; };
		C47F87781B5D405200AFFDEC /* AFURLResponseSerialization.m in Sources */ = {isa = PBXBuildFile; fileRef = C47F871E1B5D405200AFFDEC /* AFURLResponseSerialization.m */; };
		C47F87791B5D405200AFFDEC /* AFURLSessionManager.m in Sources */ = {isa = PBXBuildFile; fileRef = C47F87201B5D405200AFFDEC /* AFURLSessionManager.m */; };
		C47F877A1B5D405200AFFDEC /* LICENSE in Resources */ = {isa = PBXBuildFile; fileRef = C47F87211B5D405200AFFDEC /* LICENSE */; };
		C47F877B1B5D405200AFFDEC /* README.md in Sources */ = {isa = PBXBuildFile; fileRef = C47F87221B5D405200AFFDEC /* README.md */; };
		C47F877C1B5D405200AFFDEC /* AFNetworkActivityIndicatorManager.m in Sources */ = {isa = PBXBuildFile; fileRef = C47F87251B5D405200AFFDEC /* AFNetworkActivityIndicatorManager.m */; };
		C47F877D1B5D405200AFFDEC /* UIActivityIndicatorView+AFNetworking.m in Sources */ = {isa = PBXBuildFile; fileRef = C47F87271B5D405200AFFDEC /* UIActivityIndicatorView+AFNetworking.m */; };
		C47F877E1B5D405200AFFDEC /* UIAlertView+AFNetworking.m in Sources */ = {isa = PBXBuildFile; fileRef = C47F87291B5D405200AFFDEC /* UIAlertView+AFNetworking.m */; };
		C47F877F1B5D405200AFFDEC /* UIButton+AFNetworking.m in Sources */ = {isa = PBXBuildFile; fileRef = C47F872B1B5D405200AFFDEC /* UIButton+AFNetworking.m */; };
		C47F87801B5D405200AFFDEC /* UIImageView+AFNetworking.m in Sources */ = {isa = PBXBuildFile; fileRef = C47F872D1B5D405200AFFDEC /* UIImageView+AFNetworking.m */; };
		C47F87811B5D405200AFFDEC /* UIProgressView+AFNetworking.m in Sources */ = {isa = PBXBuildFile; fileRef = C47F87301B5D405200AFFDEC /* UIProgressView+AFNetworking.m */; };
		C47F87821B5D405200AFFDEC /* UIRefreshControl+AFNetworking.m in Sources */ = {isa = PBXBuildFile; fileRef = C47F87321B5D405200AFFDEC /* UIRefreshControl+AFNetworking.m */; };
		C47F87831B5D405200AFFDEC /* UIWebView+AFNetworking.m in Sources */ = {isa = PBXBuildFile; fileRef = C47F87341B5D405200AFFDEC /* UIWebView+AFNetworking.m */; };
		C47F87841B5D405200AFFDEC /* UIViewController+CWPopup.m in Sources */ = {isa = PBXBuildFile; fileRef = C47F87381B5D405200AFFDEC /* UIViewController+CWPopup.m */; };
		C47F87851B5D405200AFFDEC /* LICENSE in Resources */ = {isa = PBXBuildFile; fileRef = C47F87391B5D405200AFFDEC /* LICENSE */; };
		C47F87861B5D405200AFFDEC /* README.md in Sources */ = {isa = PBXBuildFile; fileRef = C47F873A1B5D405200AFFDEC /* README.md */; };
		C47F87871B5D405200AFFDEC /* LICENSE.txt in Resources */ = {isa = PBXBuildFile; fileRef = C47F873C1B5D405200AFFDEC /* LICENSE.txt */; };
		C47F87881B5D405200AFFDEC /* README.markdown in Sources */ = {isa = PBXBuildFile; fileRef = C47F873D1B5D405200AFFDEC /* README.markdown */; };
		C47F87891B5D405200AFFDEC /* FMDatabase.m in Sources */ = {isa = PBXBuildFile; fileRef = C47F87411B5D405200AFFDEC /* FMDatabase.m */; };
		C47F878A1B5D405200AFFDEC /* FMDatabaseAdditions.m in Sources */ = {isa = PBXBuildFile; fileRef = C47F87431B5D405200AFFDEC /* FMDatabaseAdditions.m */; };
		C47F878B1B5D405200AFFDEC /* FMDatabasePool.m in Sources */ = {isa = PBXBuildFile; fileRef = C47F87451B5D405200AFFDEC /* FMDatabasePool.m */; };
		C47F878C1B5D405200AFFDEC /* FMDatabaseQueue.m in Sources */ = {isa = PBXBuildFile; fileRef = C47F87471B5D405200AFFDEC /* FMDatabaseQueue.m */; };
		C47F878D1B5D405200AFFDEC /* FMResultSet.m in Sources */ = {isa = PBXBuildFile; fileRef = C47F874A1B5D405200AFFDEC /* FMResultSet.m */; };
		C47F878E1B5D405200AFFDEC /* LICENSE in Resources */ = {isa = PBXBuildFile; fileRef = C47F874C1B5D405200AFFDEC /* LICENSE */; };
		C47F878F1B5D405200AFFDEC /* MBProgressHUD.m in Sources */ = {isa = PBXBuildFile; fileRef = C47F874E1B5D405200AFFDEC /* MBProgressHUD.m */; };
		C47F87901B5D405200AFFDEC /* README.mdown in Sources */ = {isa = PBXBuildFile; fileRef = C47F874F1B5D405200AFFDEC /* README.mdown */; };
		C47F87911B5D405200AFFDEC /* LICENSE in Resources */ = {isa = PBXBuildFile; fileRef = C47F87511B5D405200AFFDEC /* LICENSE */; };
		C47F87921B5D405200AFFDEC /* MMMaterialDesignSpinner.m in Sources */ = {isa = PBXBuildFile; fileRef = C47F87551B5D405200AFFDEC /* MMMaterialDesignSpinner.m */; };
		C47F87931B5D405200AFFDEC /* README.md in Sources */ = {isa = PBXBuildFile; fileRef = C47F87561B5D405200AFFDEC /* README.md */; };
		C47F87941B5D405200AFFDEC /* LICENCE.txt in Resources */ = {isa = PBXBuildFile; fileRef = C47F87581B5D405200AFFDEC /* LICENCE.txt */; };
		C47F87951B5D405200AFFDEC /* Reachability.m in Sources */ = {isa = PBXBuildFile; fileRef = C47F875A1B5D405200AFFDEC /* Reachability.m */; };
		C47F87961B5D405200AFFDEC /* README.md in Sources */ = {isa = PBXBuildFile; fileRef = C47F875B1B5D405200AFFDEC /* README.md */; };
		C47F87971B5D405200AFFDEC /* LICENCE in Resources */ = {isa = PBXBuildFile; fileRef = C47F875D1B5D405200AFFDEC /* LICENCE */; };
		C47F87981B5D405200AFFDEC /* README.md in Sources */ = {isa = PBXBuildFile; fileRef = C47F875E1B5D405200AFFDEC /* README.md */; };
		C47F87991B5D405200AFFDEC /* Info.plist in Resources */ = {isa = PBXBuildFile; fileRef = C47F87601B5D405200AFFDEC /* Info.plist */; };
		C47F879A1B5D405200AFFDEC /* SCLAlertView.swift in Sources */ = {isa = PBXBuildFile; fileRef = C47F87611B5D405200AFFDEC /* SCLAlertView.swift */; };
		C47F879B1B5D405200AFFDEC /* LICENSE in Resources */ = {isa = PBXBuildFile; fileRef = C47F87631B5D405200AFFDEC /* LICENSE */; };
		C47F879C1B5D405200AFFDEC /* README.md in Sources */ = {isa = PBXBuildFile; fileRef = C47F87641B5D405200AFFDEC /* README.md */; };
		C47F879D1B5D405200AFFDEC /* SCLAlertView.m in Sources */ = {isa = PBXBuildFile; fileRef = C47F87671B5D405200AFFDEC /* SCLAlertView.m */; };
		C47F879E1B5D405200AFFDEC /* SCLAlertViewResponder.m in Sources */ = {isa = PBXBuildFile; fileRef = C47F87691B5D405200AFFDEC /* SCLAlertViewResponder.m */; };
		C47F879F1B5D405200AFFDEC /* SCLAlertViewStyleKit.m in Sources */ = {isa = PBXBuildFile; fileRef = C47F876B1B5D405200AFFDEC /* SCLAlertViewStyleKit.m */; };
		C47F87A01B5D405200AFFDEC /* SCLButton.m in Sources */ = {isa = PBXBuildFile; fileRef = C47F876D1B5D405200AFFDEC /* SCLButton.m */; };
		C47F87A11B5D405200AFFDEC /* UIImage+ImageEffects.m in Sources */ = {isa = PBXBuildFile; fileRef = C47F87701B5D405200AFFDEC /* UIImage+ImageEffects.m */; };
		C47F87C01B5D407600AFFDEC /* DatabaseUtils.m in Sources */ = {isa = PBXBuildFile; fileRef = C47F87A71B5D407600AFFDEC /* DatabaseUtils.m */; };
		C47F87C11B5D407600AFFDEC /* ApiHelper.m in Sources */ = {isa = PBXBuildFile; fileRef = C47F87AA1B5D407600AFFDEC /* ApiHelper.m */; };
		C47F87C41B5D407600AFFDEC /* DateUtils.m in Sources */ = {isa = PBXBuildFile; fileRef = C47F87B11B5D407600AFFDEC /* DateUtils.m */; };
		C47F87C51B5D407600AFFDEC /* ExtendNSLogFunctionality.m in Sources */ = {isa = PBXBuildFile; fileRef = C47F87B31B5D407600AFFDEC /* ExtendNSLogFunctionality.m */; };
		C47F87C71B5D407600AFFDEC /* FileUtils.m in Sources */ = {isa = PBXBuildFile; fileRef = C47F87B81B5D407600AFFDEC /* FileUtils.m */; };
		C47F87C81B5D407600AFFDEC /* HttpUtils.m in Sources */ = {isa = PBXBuildFile; fileRef = C47F87BB1B5D407600AFFDEC /* HttpUtils.m */; };
		C47F87C91B5D407600AFFDEC /* ViewUtils.m in Sources */ = {isa = PBXBuildFile; fileRef = C47F87BE1B5D407600AFFDEC /* ViewUtils.m */; };
		C47F88291B5D413900AFFDEC /* BaseModel.m in Sources */ = {isa = PBXBuildFile; fileRef = C47F88121B5D413900AFFDEC /* BaseModel.m */; };
		C47F882A1B5D413900AFFDEC /* HttpResponse.m in Sources */ = {isa = PBXBuildFile; fileRef = C47F88161B5D413900AFFDEC /* HttpResponse.m */; };
		C47F88331B5D415000AFFDEC /* Product.m in Sources */ = {isa = PBXBuildFile; fileRef = C47F88321B5D415000AFFDEC /* Product.m */; };
		C47F88371B5D418F00AFFDEC /* ProductCache.m in Sources */ = {isa = PBXBuildFile; fileRef = C47F88361B5D418F00AFFDEC /* ProductCache.m */; };
		C47F883F1B5D514700AFFDEC /* libsqlite3.dylib in Frameworks */ = {isa = PBXBuildFile; fileRef = C47F883E1B5D514700AFFDEC /* libsqlite3.dylib */; };
		C47F88441B5D538C00AFFDEC /* ProductDayInfo.m in Sources */ = {isa = PBXBuildFile; fileRef = C47F88431B5D538C00AFFDEC /* ProductDayInfo.m */; };
		C47F884A1B5D54FA00AFFDEC /* DatabaseUtils+Product.m in Sources */ = {isa = PBXBuildFile; fileRef = C47F88491B5D54FA00AFFDEC /* DatabaseUtils+Product.m */; };
/* End PBXBuildFile section */

/* Begin PBXContainerItemProxy section */
		C44554541B5D19B100E300B8 /* PBXContainerItemProxy */ = {
			isa = PBXContainerItemProxy;
			containerPortal = C44554321B5D19B100E300B8 /* Project object */;
			proxyType = 1;
			remoteGlobalIDString = C44554391B5D19B100E300B8;
			remoteInfo = nxscae;
		};
/* End PBXContainerItemProxy section */

/* Begin PBXFileReference section */
		C445543A1B5D19B100E300B8 /* nxscae.app */ = {isa = PBXFileReference; explicitFileType = wrapper.application; includeInIndex = 0; path = nxscae.app; sourceTree = BUILT_PRODUCTS_DIR; };
		C445543E1B5D19B100E300B8 /* Info.plist */ = {isa = PBXFileReference; lastKnownFileType = text.plist.xml; path = Info.plist; sourceTree = "<group>"; };
		C445543F1B5D19B100E300B8 /* main.m */ = {isa = PBXFileReference; lastKnownFileType = sourcecode.c.objc; path = main.m; sourceTree = "<group>"; };
		C44554411B5D19B100E300B8 /* AppDelegate.h */ = {isa = PBXFileReference; lastKnownFileType = sourcecode.c.h; path = AppDelegate.h; sourceTree = "<group>"; };
		C44554421B5D19B100E300B8 /* AppDelegate.m */ = {isa = PBXFileReference; lastKnownFileType = sourcecode.c.objc; path = AppDelegate.m; sourceTree = "<group>"; };
		C44554441B5D19B100E300B8 /* ViewController.h */ = {isa = PBXFileReference; lastKnownFileType = sourcecode.c.h; path = ViewController.h; sourceTree = "<group>"; };
		C44554451B5D19B100E300B8 /* ViewController.m */ = {isa = PBXFileReference; lastKnownFileType = sourcecode.c.objc; path = ViewController.m; sourceTree = "<group>"; };
		C44554481B5D19B100E300B8 /* Base */ = {isa = PBXFileReference; lastKnownFileType = file.storyboard; name = Base; path = Base.lproj/Main.storyboard; sourceTree = "<group>"; };
		C445544A1B5D19B100E300B8 /* Images.xcassets */ = {isa = PBXFileReference; lastKnownFileType = folder.assetcatalog; path = Images.xcassets; sourceTree = "<group>"; };
		C445544D1B5D19B100E300B8 /* Base */ = {isa = PBXFileReference; lastKnownFileType = file.xib; name = Base; path = Base.lproj/LaunchScreen.xib; sourceTree = "<group>"; };
		C44554531B5D19B100E300B8 /* nxscaeTests.xctest */ = {isa = PBXFileReference; explicitFileType = wrapper.cfbundle; includeInIndex = 0; path = nxscaeTests.xctest; sourceTree = BUILT_PRODUCTS_DIR; };
		C44554581B5D19B100E300B8 /* Info.plist */ = {isa = PBXFileReference; lastKnownFileType = text.plist.xml; path = Info.plist; sourceTree = "<group>"; };
		C44554591B5D19B100E300B8 /* nxscaeTests.m */ = {isa = PBXFileReference; lastKnownFileType = sourcecode.c.objc; path = nxscaeTests.m; sourceTree = "<group>"; };
		C47F870E1B5D405200AFFDEC /* AFHTTPRequestOperation.h */ = {isa = PBXFileReference; fileEncoding = 4; lastKnownFileType = sourcecode.c.h; path = AFHTTPRequestOperation.h; sourceTree = "<group>"; };
		C47F870F1B5D405200AFFDEC /* AFHTTPRequestOperation.m */ = {isa = PBXFileReference; fileEncoding = 4; lastKnownFileType = sourcecode.c.objc; path = AFHTTPRequestOperation.m; sourceTree = "<group>"; };
		C47F87101B5D405200AFFDEC /* AFHTTPRequestOperationManager.h */ = {isa = PBXFileReference; fileEncoding = 4; lastKnownFileType = sourcecode.c.h; path = AFHTTPRequestOperationManager.h; sourceTree = "<group>"; };
		C47F87111B5D405200AFFDEC /* AFHTTPRequestOperationManager.m */ = {isa = PBXFileReference; fileEncoding = 4; lastKnownFileType = sourcecode.c.objc; path = AFHTTPRequestOperationManager.m; sourceTree = "<group>"; };
		C47F87121B5D405200AFFDEC /* AFHTTPSessionManager.h */ = {isa = PBXFileReference; fileEncoding = 4; lastKnownFileType = sourcecode.c.h; path = AFHTTPSessionManager.h; sourceTree = "<group>"; };
		C47F87131B5D405200AFFDEC /* AFHTTPSessionManager.m */ = {isa = PBXFileReference; fileEncoding = 4; lastKnownFileType = sourcecode.c.objc; path = AFHTTPSessionManager.m; sourceTree = "<group>"; };
		C47F87141B5D405200AFFDEC /* AFNetworking.h */ = {isa = PBXFileReference; fileEncoding = 4; lastKnownFileType = sourcecode.c.h; path = AFNetworking.h; sourceTree = "<group>"; };
		C47F87151B5D405200AFFDEC /* AFNetworkReachabilityManager.h */ = {isa = PBXFileReference; fileEncoding = 4; lastKnownFileType = sourcecode.c.h; path = AFNetworkReachabilityManager.h; sourceTree = "<group>"; };
		C47F87161B5D405200AFFDEC /* AFNetworkReachabilityManager.m */ = {isa = PBXFileReference; fileEncoding = 4; lastKnownFileType = sourcecode.c.objc; path = AFNetworkReachabilityManager.m; sourceTree = "<group>"; };
		C47F87171B5D405200AFFDEC /* AFSecurityPolicy.h */ = {isa = PBXFileReference; fileEncoding = 4; lastKnownFileType = sourcecode.c.h; path = AFSecurityPolicy.h; sourceTree = "<group>"; };
		C47F87181B5D405200AFFDEC /* AFSecurityPolicy.m */ = {isa = PBXFileReference; fileEncoding = 4; lastKnownFileType = sourcecode.c.objc; path = AFSecurityPolicy.m; sourceTree = "<group>"; };
		C47F87191B5D405200AFFDEC /* AFURLConnectionOperation.h */ = {isa = PBXFileReference; fileEncoding = 4; lastKnownFileType = sourcecode.c.h; path = AFURLConnectionOperation.h; sourceTree = "<group>"; };
		C47F871A1B5D405200AFFDEC /* AFURLConnectionOperation.m */ = {isa = PBXFileReference; fileEncoding = 4; lastKnownFileType = sourcecode.c.objc; path = AFURLConnectionOperation.m; sourceTree = "<group>"; };
		C47F871B1B5D405200AFFDEC /* AFURLRequestSerialization.h */ = {isa = PBXFileReference; fileEncoding = 4; lastKnownFileType = sourcecode.c.h; path = AFURLRequestSerialization.h; sourceTree = "<group>"; };
		C47F871C1B5D405200AFFDEC /* AFURLRequestSerialization.m */ = {isa = PBXFileReference; fileEncoding = 4; lastKnownFileType = sourcecode.c.objc; path = AFURLRequestSerialization.m; sourceTree = "<group>"; };
		C47F871D1B5D405200AFFDEC /* AFURLResponseSerialization.h */ = {isa = PBXFileReference; fileEncoding = 4; lastKnownFileType = sourcecode.c.h; path = AFURLResponseSerialization.h; sourceTree = "<group>"; };
		C47F871E1B5D405200AFFDEC /* AFURLResponseSerialization.m */ = {isa = PBXFileReference; fileEncoding = 4; lastKnownFileType = sourcecode.c.objc; path = AFURLResponseSerialization.m; sourceTree = "<group>"; };
		C47F871F1B5D405200AFFDEC /* AFURLSessionManager.h */ = {isa = PBXFileReference; fileEncoding = 4; lastKnownFileType = sourcecode.c.h; path = AFURLSessionManager.h; sourceTree = "<group>"; };
		C47F87201B5D405200AFFDEC /* AFURLSessionManager.m */ = {isa = PBXFileReference; fileEncoding = 4; lastKnownFileType = sourcecode.c.objc; path = AFURLSessionManager.m; sourceTree = "<group>"; };
		C47F87211B5D405200AFFDEC /* LICENSE */ = {isa = PBXFileReference; fileEncoding = 4; lastKnownFileType = text; path = LICENSE; sourceTree = "<group>"; };
		C47F87221B5D405200AFFDEC /* README.md */ = {isa = PBXFileReference; fileEncoding = 4; lastKnownFileType = net.daringfireball.markdown; path = README.md; sourceTree = "<group>"; };
		C47F87241B5D405200AFFDEC /* AFNetworkActivityIndicatorManager.h */ = {isa = PBXFileReference; fileEncoding = 4; lastKnownFileType = sourcecode.c.h; path = AFNetworkActivityIndicatorManager.h; sourceTree = "<group>"; };
		C47F87251B5D405200AFFDEC /* AFNetworkActivityIndicatorManager.m */ = {isa = PBXFileReference; fileEncoding = 4; lastKnownFileType = sourcecode.c.objc; path = AFNetworkActivityIndicatorManager.m; sourceTree = "<group>"; };
		C47F87261B5D405200AFFDEC /* UIActivityIndicatorView+AFNetworking.h */ = {isa = PBXFileReference; fileEncoding = 4; lastKnownFileType = sourcecode.c.h; path = "UIActivityIndicatorView+AFNetworking.h"; sourceTree = "<group>"; };
		C47F87271B5D405200AFFDEC /* UIActivityIndicatorView+AFNetworking.m */ = {isa = PBXFileReference; fileEncoding = 4; lastKnownFileType = sourcecode.c.objc; path = "UIActivityIndicatorView+AFNetworking.m"; sourceTree = "<group>"; };
		C47F87281B5D405200AFFDEC /* UIAlertView+AFNetworking.h */ = {isa = PBXFileReference; fileEncoding = 4; lastKnownFileType = sourcecode.c.h; path = "UIAlertView+AFNetworking.h"; sourceTree = "<group>"; };
		C47F87291B5D405200AFFDEC /* UIAlertView+AFNetworking.m */ = {isa = PBXFileReference; fileEncoding = 4; lastKnownFileType = sourcecode.c.objc; path = "UIAlertView+AFNetworking.m"; sourceTree = "<group>"; };
		C47F872A1B5D405200AFFDEC /* UIButton+AFNetworking.h */ = {isa = PBXFileReference; fileEncoding = 4; lastKnownFileType = sourcecode.c.h; path = "UIButton+AFNetworking.h"; sourceTree = "<group>"; };
		C47F872B1B5D405200AFFDEC /* UIButton+AFNetworking.m */ = {isa = PBXFileReference; fileEncoding = 4; lastKnownFileType = sourcecode.c.objc; path = "UIButton+AFNetworking.m"; sourceTree = "<group>"; };
		C47F872C1B5D405200AFFDEC /* UIImageView+AFNetworking.h */ = {isa = PBXFileReference; fileEncoding = 4; lastKnownFileType = sourcecode.c.h; path = "UIImageView+AFNetworking.h"; sourceTree = "<group>"; };
		C47F872D1B5D405200AFFDEC /* UIImageView+AFNetworking.m */ = {isa = PBXFileReference; fileEncoding = 4; lastKnownFileType = sourcecode.c.objc; path = "UIImageView+AFNetworking.m"; sourceTree = "<group>"; };
		C47F872E1B5D405200AFFDEC /* UIKit+AFNetworking.h */ = {isa = PBXFileReference; fileEncoding = 4; lastKnownFileType = sourcecode.c.h; path = "UIKit+AFNetworking.h"; sourceTree = "<group>"; };
		C47F872F1B5D405200AFFDEC /* UIProgressView+AFNetworking.h */ = {isa = PBXFileReference; fileEncoding = 4; lastKnownFileType = sourcecode.c.h; path = "UIProgressView+AFNetworking.h"; sourceTree = "<group>"; };
		C47F87301B5D405200AFFDEC /* UIProgressView+AFNetworking.m */ = {isa = PBXFileReference; fileEncoding = 4; lastKnownFileType = sourcecode.c.objc; path = "UIProgressView+AFNetworking.m"; sourceTree = "<group>"; };
		C47F87311B5D405200AFFDEC /* UIRefreshControl+AFNetworking.h */ = {isa = PBXFileReference; fileEncoding = 4; lastKnownFileType = sourcecode.c.h; path = "UIRefreshControl+AFNetworking.h"; sourceTree = "<group>"; };
		C47F87321B5D405200AFFDEC /* UIRefreshControl+AFNetworking.m */ = {isa = PBXFileReference; fileEncoding = 4; lastKnownFileType = sourcecode.c.objc; path = "UIRefreshControl+AFNetworking.m"; sourceTree = "<group>"; };
		C47F87331B5D405200AFFDEC /* UIWebView+AFNetworking.h */ = {isa = PBXFileReference; fileEncoding = 4; lastKnownFileType = sourcecode.c.h; path = "UIWebView+AFNetworking.h"; sourceTree = "<group>"; };
		C47F87341B5D405200AFFDEC /* UIWebView+AFNetworking.m */ = {isa = PBXFileReference; fileEncoding = 4; lastKnownFileType = sourcecode.c.objc; path = "UIWebView+AFNetworking.m"; sourceTree = "<group>"; };
		C47F87371B5D405200AFFDEC /* UIViewController+CWPopup.h */ = {isa = PBXFileReference; fileEncoding = 4; lastKnownFileType = sourcecode.c.h; path = "UIViewController+CWPopup.h"; sourceTree = "<group>"; };
		C47F87381B5D405200AFFDEC /* UIViewController+CWPopup.m */ = {isa = PBXFileReference; fileEncoding = 4; lastKnownFileType = sourcecode.c.objc; path = "UIViewController+CWPopup.m"; sourceTree = "<group>"; };
		C47F87391B5D405200AFFDEC /* LICENSE */ = {isa = PBXFileReference; fileEncoding = 4; lastKnownFileType = text; path = LICENSE; sourceTree = "<group>"; };
		C47F873A1B5D405200AFFDEC /* README.md */ = {isa = PBXFileReference; fileEncoding = 4; lastKnownFileType = net.daringfireball.markdown; path = README.md; sourceTree = "<group>"; };
		C47F873C1B5D405200AFFDEC /* LICENSE.txt */ = {isa = PBXFileReference; fileEncoding = 4; lastKnownFileType = text; path = LICENSE.txt; sourceTree = "<group>"; };
		C47F873D1B5D405200AFFDEC /* README.markdown */ = {isa = PBXFileReference; fileEncoding = 4; lastKnownFileType = net.daringfireball.markdown; path = README.markdown; sourceTree = "<group>"; };
		C47F87401B5D405200AFFDEC /* FMDatabase.h */ = {isa = PBXFileReference; fileEncoding = 4; lastKnownFileType = sourcecode.c.h; path = FMDatabase.h; sourceTree = "<group>"; };
		C47F87411B5D405200AFFDEC /* FMDatabase.m */ = {isa = PBXFileReference; fileEncoding = 4; lastKnownFileType = sourcecode.c.objc; path = FMDatabase.m; sourceTree = "<group>"; };
		C47F87421B5D405200AFFDEC /* FMDatabaseAdditions.h */ = {isa = PBXFileReference; fileEncoding = 4; lastKnownFileType = sourcecode.c.h; path = FMDatabaseAdditions.h; sourceTree = "<group>"; };
		C47F87431B5D405200AFFDEC /* FMDatabaseAdditions.m */ = {isa = PBXFileReference; fileEncoding = 4; lastKnownFileType = sourcecode.c.objc; path = FMDatabaseAdditions.m; sourceTree = "<group>"; };
		C47F87441B5D405200AFFDEC /* FMDatabasePool.h */ = {isa = PBXFileReference; fileEncoding = 4; lastKnownFileType = sourcecode.c.h; path = FMDatabasePool.h; sourceTree = "<group>"; };
		C47F87451B5D405200AFFDEC /* FMDatabasePool.m */ = {isa = PBXFileReference; fileEncoding = 4; lastKnownFileType = sourcecode.c.objc; path = FMDatabasePool.m; sourceTree = "<group>"; };
		C47F87461B5D405200AFFDEC /* FMDatabaseQueue.h */ = {isa = PBXFileReference; fileEncoding = 4; lastKnownFileType = sourcecode.c.h; path = FMDatabaseQueue.h; sourceTree = "<group>"; };
		C47F87471B5D405200AFFDEC /* FMDatabaseQueue.m */ = {isa = PBXFileReference; fileEncoding = 4; lastKnownFileType = sourcecode.c.objc; path = FMDatabaseQueue.m; sourceTree = "<group>"; };
		C47F87481B5D405200AFFDEC /* FMDB.h */ = {isa = PBXFileReference; fileEncoding = 4; lastKnownFileType = sourcecode.c.h; path = FMDB.h; sourceTree = "<group>"; };
		C47F87491B5D405200AFFDEC /* FMResultSet.h */ = {isa = PBXFileReference; fileEncoding = 4; lastKnownFileType = sourcecode.c.h; path = FMResultSet.h; sourceTree = "<group>"; };
		C47F874A1B5D405200AFFDEC /* FMResultSet.m */ = {isa = PBXFileReference; fileEncoding = 4; lastKnownFileType = sourcecode.c.objc; path = FMResultSet.m; sourceTree = "<group>"; };
		C47F874C1B5D405200AFFDEC /* LICENSE */ = {isa = PBXFileReference; fileEncoding = 4; lastKnownFileType = text; path = LICENSE; sourceTree = "<group>"; };
		C47F874D1B5D405200AFFDEC /* MBProgressHUD.h */ = {isa = PBXFileReference; fileEncoding = 4; lastKnownFileType = sourcecode.c.h; path = MBProgressHUD.h; sourceTree = "<group>"; };
		C47F874E1B5D405200AFFDEC /* MBProgressHUD.m */ = {isa = PBXFileReference; fileEncoding = 4; lastKnownFileType = sourcecode.c.objc; path = MBProgressHUD.m; sourceTree = "<group>"; };
		C47F874F1B5D405200AFFDEC /* README.mdown */ = {isa = PBXFileReference; fileEncoding = 4; lastKnownFileType = net.daringfireball.markdown; path = README.mdown; sourceTree = "<group>"; };
		C47F87511B5D405200AFFDEC /* LICENSE */ = {isa = PBXFileReference; fileEncoding = 4; lastKnownFileType = text; path = LICENSE; sourceTree = "<group>"; };
		C47F87541B5D405200AFFDEC /* MMMaterialDesignSpinner.h */ = {isa = PBXFileReference; fileEncoding = 4; lastKnownFileType = sourcecode.c.h; path = MMMaterialDesignSpinner.h; sourceTree = "<group>"; };
		C47F87551B5D405200AFFDEC /* MMMaterialDesignSpinner.m */ = {isa = PBXFileReference; fileEncoding = 4; lastKnownFileType = sourcecode.c.objc; path = MMMaterialDesignSpinner.m; sourceTree = "<group>"; };
		C47F87561B5D405200AFFDEC /* README.md */ = {isa = PBXFileReference; fileEncoding = 4; lastKnownFileType = net.daringfireball.markdown; path = README.md; sourceTree = "<group>"; };
		C47F87581B5D405200AFFDEC /* LICENCE.txt */ = {isa = PBXFileReference; fileEncoding = 4; lastKnownFileType = text; path = LICENCE.txt; sourceTree = "<group>"; };
		C47F87591B5D405200AFFDEC /* Reachability.h */ = {isa = PBXFileReference; fileEncoding = 4; lastKnownFileType = sourcecode.c.h; path = Reachability.h; sourceTree = "<group>"; };
		C47F875A1B5D405200AFFDEC /* Reachability.m */ = {isa = PBXFileReference; fileEncoding = 4; lastKnownFileType = sourcecode.c.objc; path = Reachability.m; sourceTree = "<group>"; };
		C47F875B1B5D405200AFFDEC /* README.md */ = {isa = PBXFileReference; fileEncoding = 4; lastKnownFileType = net.daringfireball.markdown; path = README.md; sourceTree = "<group>"; };
		C47F875D1B5D405200AFFDEC /* LICENCE */ = {isa = PBXFileReference; fileEncoding = 4; lastKnownFileType = text; path = LICENCE; sourceTree = "<group>"; };
		C47F875E1B5D405200AFFDEC /* README.md */ = {isa = PBXFileReference; fileEncoding = 4; lastKnownFileType = net.daringfireball.markdown; path = README.md; sourceTree = "<group>"; };
		C47F87601B5D405200AFFDEC /* Info.plist */ = {isa = PBXFileReference; fileEncoding = 4; lastKnownFileType = text.plist.xml; path = Info.plist; sourceTree = "<group>"; };
		C47F87611B5D405200AFFDEC /* SCLAlertView.swift */ = {isa = PBXFileReference; fileEncoding = 4; lastKnownFileType = sourcecode.swift; path = SCLAlertView.swift; sourceTree = "<group>"; };
		C47F87631B5D405200AFFDEC /* LICENSE */ = {isa = PBXFileReference; fileEncoding = 4; lastKnownFileType = text; path = LICENSE; sourceTree = "<group>"; };
		C47F87641B5D405200AFFDEC /* README.md */ = {isa = PBXFileReference; fileEncoding = 4; lastKnownFileType = net.daringfireball.markdown; path = README.md; sourceTree = "<group>"; };
		C47F87661B5D405200AFFDEC /* SCLAlertView.h */ = {isa = PBXFileReference; fileEncoding = 4; lastKnownFileType = sourcecode.c.h; path = SCLAlertView.h; sourceTree = "<group>"; };
		C47F87671B5D405200AFFDEC /* SCLAlertView.m */ = {isa = PBXFileReference; fileEncoding = 4; lastKnownFileType = sourcecode.c.objc; path = SCLAlertView.m; sourceTree = "<group>"; };
		C47F87681B5D405200AFFDEC /* SCLAlertViewResponder.h */ = {isa = PBXFileReference; fileEncoding = 4; lastKnownFileType = sourcecode.c.h; path = SCLAlertViewResponder.h; sourceTree = "<group>"; };
		C47F87691B5D405200AFFDEC /* SCLAlertViewResponder.m */ = {isa = PBXFileReference; fileEncoding = 4; lastKnownFileType = sourcecode.c.objc; path = SCLAlertViewResponder.m; sourceTree = "<group>"; };
		C47F876A1B5D405200AFFDEC /* SCLAlertViewStyleKit.h */ = {isa = PBXFileReference; fileEncoding = 4; lastKnownFileType = sourcecode.c.h; path = SCLAlertViewStyleKit.h; sourceTree = "<group>"; };
		C47F876B1B5D405200AFFDEC /* SCLAlertViewStyleKit.m */ = {isa = PBXFileReference; fileEncoding = 4; lastKnownFileType = sourcecode.c.objc; path = SCLAlertViewStyleKit.m; sourceTree = "<group>"; };
		C47F876C1B5D405200AFFDEC /* SCLButton.h */ = {isa = PBXFileReference; fileEncoding = 4; lastKnownFileType = sourcecode.c.h; path = SCLButton.h; sourceTree = "<group>"; };
		C47F876D1B5D405200AFFDEC /* SCLButton.m */ = {isa = PBXFileReference; fileEncoding = 4; lastKnownFileType = sourcecode.c.objc; path = SCLButton.m; sourceTree = "<group>"; };
		C47F876E1B5D405200AFFDEC /* SCLMacros.h */ = {isa = PBXFileReference; fileEncoding = 4; lastKnownFileType = sourcecode.c.h; path = SCLMacros.h; sourceTree = "<group>"; };
		C47F876F1B5D405200AFFDEC /* UIImage+ImageEffects.h */ = {isa = PBXFileReference; fileEncoding = 4; lastKnownFileType = sourcecode.c.h; path = "UIImage+ImageEffects.h"; sourceTree = "<group>"; };
		C47F87701B5D405200AFFDEC /* UIImage+ImageEffects.m */ = {isa = PBXFileReference; fileEncoding = 4; lastKnownFileType = sourcecode.c.objc; path = "UIImage+ImageEffects.m"; sourceTree = "<group>"; };
		C47F87A61B5D407600AFFDEC /* DatabaseUtils.h */ = {isa = PBXFileReference; fileEncoding = 4; lastKnownFileType = sourcecode.c.h; path = DatabaseUtils.h; sourceTree = "<group>"; };
		C47F87A71B5D407600AFFDEC /* DatabaseUtils.m */ = {isa = PBXFileReference; fileEncoding = 4; lastKnownFileType = sourcecode.c.objc; path = DatabaseUtils.m; sourceTree = "<group>"; };
		C47F87A91B5D407600AFFDEC /* ApiHelper.h */ = {isa = PBXFileReference; fileEncoding = 4; lastKnownFileType = sourcecode.c.h; path = ApiHelper.h; sourceTree = "<group>"; };
		C47F87AA1B5D407600AFFDEC /* ApiHelper.m */ = {isa = PBXFileReference; fileEncoding = 4; lastKnownFileType = sourcecode.c.objc; path = ApiHelper.m; sourceTree = "<group>"; };
		C47F87B01B5D407600AFFDEC /* DateUtils.h */ = {isa = PBXFileReference; fileEncoding = 4; lastKnownFileType = sourcecode.c.h; path = DateUtils.h; sourceTree = "<group>"; };
		C47F87B11B5D407600AFFDEC /* DateUtils.m */ = {isa = PBXFileReference; fileEncoding = 4; lastKnownFileType = sourcecode.c.objc; path = DateUtils.m; sourceTree = "<group>"; };
		C47F87B21B5D407600AFFDEC /* ExtendNSLogFunctionality.h */ = {isa = PBXFileReference; fileEncoding = 4; lastKnownFileType = sourcecode.c.h; path = ExtendNSLogFunctionality.h; sourceTree = "<group>"; };
		C47F87B31B5D407600AFFDEC /* ExtendNSLogFunctionality.m */ = {isa = PBXFileReference; fileEncoding = 4; lastKnownFileType = sourcecode.c.objc; path = ExtendNSLogFunctionality.m; sourceTree = "<group>"; };
		C47F87B71B5D407600AFFDEC /* FileUtils.h */ = {isa = PBXFileReference; fileEncoding = 4; lastKnownFileType = sourcecode.c.h; path = FileUtils.h; sourceTree = "<group>"; };
		C47F87B81B5D407600AFFDEC /* FileUtils.m */ = {isa = PBXFileReference; fileEncoding = 4; lastKnownFileType = sourcecode.c.objc; path = FileUtils.m; sourceTree = "<group>"; };
		C47F87BA1B5D407600AFFDEC /* HttpUtils.h */ = {isa = PBXFileReference; fileEncoding = 4; lastKnownFileType = sourcecode.c.h; path = HttpUtils.h; sourceTree = "<group>"; };
		C47F87BB1B5D407600AFFDEC /* HttpUtils.m */ = {isa = PBXFileReference; fileEncoding = 4; lastKnownFileType = sourcecode.c.objc; path = HttpUtils.m; sourceTree = "<group>"; };
		C47F87BD1B5D407600AFFDEC /* ViewUtils.h */ = {isa = PBXFileReference; fileEncoding = 4; lastKnownFileType = sourcecode.c.h; path = ViewUtils.h; sourceTree = "<group>"; };
		C47F87BE1B5D407600AFFDEC /* ViewUtils.m */ = {isa = PBXFileReference; fileEncoding = 4; lastKnownFileType = sourcecode.c.objc; path = ViewUtils.m; sourceTree = "<group>"; };
		C47F88111B5D413900AFFDEC /* BaseModel.h */ = {isa = PBXFileReference; fileEncoding = 4; lastKnownFileType = sourcecode.c.h; path = BaseModel.h; sourceTree = "<group>"; };
		C47F88121B5D413900AFFDEC /* BaseModel.m */ = {isa = PBXFileReference; fileEncoding = 4; lastKnownFileType = sourcecode.c.objc; path = BaseModel.m; sourceTree = "<group>"; };
		C47F88151B5D413900AFFDEC /* HttpResponse.h */ = {isa = PBXFileReference; fileEncoding = 4; lastKnownFileType = sourcecode.c.h; path = HttpResponse.h; sourceTree = "<group>"; };
		C47F88161B5D413900AFFDEC /* HttpResponse.m */ = {isa = PBXFileReference; fileEncoding = 4; lastKnownFileType = sourcecode.c.objc; path = HttpResponse.m; sourceTree = "<group>"; };
		C47F88311B5D415000AFFDEC /* Product.h */ = {isa = PBXFileReference; fileEncoding = 4; lastKnownFileType = sourcecode.c.h; path = Product.h; sourceTree = "<group>"; };
		C47F88321B5D415000AFFDEC /* Product.m */ = {isa = PBXFileReference; fileEncoding = 4; lastKnownFileType = sourcecode.c.objc; path = Product.m; sourceTree = "<group>"; };
		C47F88341B5D417D00AFFDEC /* const.h */ = {isa = PBXFileReference; lastKnownFileType = sourcecode.c.h; path = const.h; sourceTree = "<group>"; };
		C47F88351B5D418F00AFFDEC /* ProductCache.h */ = {isa = PBXFileReference; fileEncoding = 4; lastKnownFileType = sourcecode.c.h; name = ProductCache.h; path = ../../ProductCache.h; sourceTree = "<group>"; };
		C47F88361B5D418F00AFFDEC /* ProductCache.m */ = {isa = PBXFileReference; fileEncoding = 4; lastKnownFileType = sourcecode.c.objc; name = ProductCache.m; path = ../../ProductCache.m; sourceTree = "<group>"; };
		C47F883E1B5D514700AFFDEC /* libsqlite3.dylib */ = {isa = PBXFileReference; lastKnownFileType = "compiled.mach-o.dylib"; name = libsqlite3.dylib; path = usr/lib/libsqlite3.dylib; sourceTree = SDKROOT; };
		C47F88421B5D538C00AFFDEC /* ProductDayInfo.h */ = {isa = PBXFileReference; fileEncoding = 4; lastKnownFileType = sourcecode.c.h; path = ProductDayInfo.h; sourceTree = "<group>"; };
		C47F88431B5D538C00AFFDEC /* ProductDayInfo.m */ = {isa = PBXFileReference; fileEncoding = 4; lastKnownFileType = sourcecode.c.objc; path = ProductDayInfo.m; sourceTree = "<group>"; };
		C47F88481B5D54FA00AFFDEC /* DatabaseUtils+Product.h */ = {isa = PBXFileReference; fileEncoding = 4; lastKnownFileType = sourcecode.c.h; path = "DatabaseUtils+Product.h"; sourceTree = "<group>"; };
		C47F88491B5D54FA00AFFDEC /* DatabaseUtils+Product.m */ = {isa = PBXFileReference; fileEncoding = 4; lastKnownFileType = sourcecode.c.objc; path = "DatabaseUtils+Product.m"; sourceTree = "<group>"; };
/* End PBXFileReference section */

/* Begin PBXFrameworksBuildPhase section */
		C44554371B5D19B100E300B8 /* Frameworks */ = {
			isa = PBXFrameworksBuildPhase;
			buildActionMask = 2147483647;
			files = (
				C47F883F1B5D514700AFFDEC /* libsqlite3.dylib in Frameworks */,
			);
			runOnlyForDeploymentPostprocessing = 0;
		};
		C44554501B5D19B100E300B8 /* Frameworks */ = {
			isa = PBXFrameworksBuildPhase;
			buildActionMask = 2147483647;
			files = (
			);
			runOnlyForDeploymentPostprocessing = 0;
		};
/* End PBXFrameworksBuildPhase section */

/* Begin PBXGroup section */
		C44554311B5D19B100E300B8 = {
			isa = PBXGroup;
			children = (
				C47F88401B5D536300AFFDEC /* Frameworks */,
				C445543C1B5D19B100E300B8 /* nxscae */,
				C44554561B5D19B100E300B8 /* nxscaeTests */,
				C445543B1B5D19B100E300B8 /* Products */,
			);
			sourceTree = "<group>";
		};
		C445543B1B5D19B100E300B8 /* Products */ = {
			isa = PBXGroup;
			children = (
				C445543A1B5D19B100E300B8 /* nxscae.app */,
				C44554531B5D19B100E300B8 /* nxscaeTests.xctest */,
			);
			name = Products;
			sourceTree = "<group>";
		};
		C445543C1B5D19B100E300B8 /* nxscae */ = {
			isa = PBXGroup;
			children = (
				C47F87CA1B5D409F00AFFDEC /* Models */,
				C47F87A21B5D407600AFFDEC /* Utils */,
				C47F870B1B5D405200AFFDEC /* Third */,
				C44554411B5D19B100E300B8 /* AppDelegate.h */,
				C44554421B5D19B100E300B8 /* AppDelegate.m */,
				C44554441B5D19B100E300B8 /* ViewController.h */,
				C44554451B5D19B100E300B8 /* ViewController.m */,
				C44554471B5D19B100E300B8 /* Main.storyboard */,
				C445544A1B5D19B100E300B8 /* Images.xcassets */,
				C445544C1B5D19B100E300B8 /* LaunchScreen.xib */,
				C445543D1B5D19B100E300B8 /* Supporting Files */,
				C47F88341B5D417D00AFFDEC /* const.h */,
			);
			path = nxscae;
			sourceTree = "<group>";
		};
		C445543D1B5D19B100E300B8 /* Supporting Files */ = {
			isa = PBXGroup;
			children = (
				C445543E1B5D19B100E300B8 /* Info.plist */,
				C445543F1B5D19B100E300B8 /* main.m */,
			);
			name = "Supporting Files";
			sourceTree = "<group>";
		};
		C44554561B5D19B100E300B8 /* nxscaeTests */ = {
			isa = PBXGroup;
			children = (
				C44554591B5D19B100E300B8 /* nxscaeTests.m */,
				C44554571B5D19B100E300B8 /* Supporting Files */,
			);
			path = nxscaeTests;
			sourceTree = "<group>";
		};
		C44554571B5D19B100E300B8 /* Supporting Files */ = {
			isa = PBXGroup;
			children = (
				C44554581B5D19B100E300B8 /* Info.plist */,
			);
			name = "Supporting Files";
			sourceTree = "<group>";
		};
		C47F870B1B5D405200AFFDEC /* Third */ = {
			isa = PBXGroup;
			children = (
				C47F870C1B5D405200AFFDEC /* AFNetworking */,
				C47F87351B5D405200AFFDEC /* CWPopup */,
				C47F873B1B5D405200AFFDEC /* FMDB */,
				C47F874B1B5D405200AFFDEC /* MBProgressHUD */,
				C47F87501B5D405200AFFDEC /* MMMaterialDesignSpinner */,
				C47F87571B5D405200AFFDEC /* Reachability */,
				C47F875C1B5D405200AFFDEC /* SCLAlertView */,
				C47F87621B5D405200AFFDEC /* SCLAlertView-Objective-C */,
			);
			path = Third;
			sourceTree = "<group>";
		};
		C47F870C1B5D405200AFFDEC /* AFNetworking */ = {
			isa = PBXGroup;
			children = (
				C47F870D1B5D405200AFFDEC /* AFNetworking */,
				C47F87211B5D405200AFFDEC /* LICENSE */,
				C47F87221B5D405200AFFDEC /* README.md */,
				C47F87231B5D405200AFFDEC /* UIKit+AFNetworking */,
			);
			path = AFNetworking;
			sourceTree = "<group>";
		};
		C47F870D1B5D405200AFFDEC /* AFNetworking */ = {
			isa = PBXGroup;
			children = (
				C47F870E1B5D405200AFFDEC /* AFHTTPRequestOperation.h */,
				C47F870F1B5D405200AFFDEC /* AFHTTPRequestOperation.m */,
				C47F87101B5D405200AFFDEC /* AFHTTPRequestOperationManager.h */,
				C47F87111B5D405200AFFDEC /* AFHTTPRequestOperationManager.m */,
				C47F87121B5D405200AFFDEC /* AFHTTPSessionManager.h */,
				C47F87131B5D405200AFFDEC /* AFHTTPSessionManager.m */,
				C47F87141B5D405200AFFDEC /* AFNetworking.h */,
				C47F87151B5D405200AFFDEC /* AFNetworkReachabilityManager.h */,
				C47F87161B5D405200AFFDEC /* AFNetworkReachabilityManager.m */,
				C47F87171B5D405200AFFDEC /* AFSecurityPolicy.h */,
				C47F87181B5D405200AFFDEC /* AFSecurityPolicy.m */,
				C47F87191B5D405200AFFDEC /* AFURLConnectionOperation.h */,
				C47F871A1B5D405200AFFDEC /* AFURLConnectionOperation.m */,
				C47F871B1B5D405200AFFDEC /* AFURLRequestSerialization.h */,
				C47F871C1B5D405200AFFDEC /* AFURLRequestSerialization.m */,
				C47F871D1B5D405200AFFDEC /* AFURLResponseSerialization.h */,
				C47F871E1B5D405200AFFDEC /* AFURLResponseSerialization.m */,
				C47F871F1B5D405200AFFDEC /* AFURLSessionManager.h */,
				C47F87201B5D405200AFFDEC /* AFURLSessionManager.m */,
			);
			path = AFNetworking;
			sourceTree = "<group>";
		};
		C47F87231B5D405200AFFDEC /* UIKit+AFNetworking */ = {
			isa = PBXGroup;
			children = (
				C47F87241B5D405200AFFDEC /* AFNetworkActivityIndicatorManager.h */,
				C47F87251B5D405200AFFDEC /* AFNetworkActivityIndicatorManager.m */,
				C47F87261B5D405200AFFDEC /* UIActivityIndicatorView+AFNetworking.h */,
				C47F87271B5D405200AFFDEC /* UIActivityIndicatorView+AFNetworking.m */,
				C47F87281B5D405200AFFDEC /* UIAlertView+AFNetworking.h */,
				C47F87291B5D405200AFFDEC /* UIAlertView+AFNetworking.m */,
				C47F872A1B5D405200AFFDEC /* UIButton+AFNetworking.h */,
				C47F872B1B5D405200AFFDEC /* UIButton+AFNetworking.m */,
				C47F872C1B5D405200AFFDEC /* UIImageView+AFNetworking.h */,
				C47F872D1B5D405200AFFDEC /* UIImageView+AFNetworking.m */,
				C47F872E1B5D405200AFFDEC /* UIKit+AFNetworking.h */,
				C47F872F1B5D405200AFFDEC /* UIProgressView+AFNetworking.h */,
				C47F87301B5D405200AFFDEC /* UIProgressView+AFNetworking.m */,
				C47F87311B5D405200AFFDEC /* UIRefreshControl+AFNetworking.h */,
				C47F87321B5D405200AFFDEC /* UIRefreshControl+AFNetworking.m */,
				C47F87331B5D405200AFFDEC /* UIWebView+AFNetworking.h */,
				C47F87341B5D405200AFFDEC /* UIWebView+AFNetworking.m */,
			);
			path = "UIKit+AFNetworking";
			sourceTree = "<group>";
		};
		C47F87351B5D405200AFFDEC /* CWPopup */ = {
			isa = PBXGroup;
			children = (
				C47F87361B5D405200AFFDEC /* CWPopup */,
				C47F87391B5D405200AFFDEC /* LICENSE */,
				C47F873A1B5D405200AFFDEC /* README.md */,
			);
			path = CWPopup;
			sourceTree = "<group>";
		};
		C47F87361B5D405200AFFDEC /* CWPopup */ = {
			isa = PBXGroup;
			children = (
				C47F87371B5D405200AFFDEC /* UIViewController+CWPopup.h */,
				C47F87381B5D405200AFFDEC /* UIViewController+CWPopup.m */,
			);
			path = CWPopup;
			sourceTree = "<group>";
		};
		C47F873B1B5D405200AFFDEC /* FMDB */ = {
			isa = PBXGroup;
			children = (
				C47F873C1B5D405200AFFDEC /* LICENSE.txt */,
				C47F873D1B5D405200AFFDEC /* README.markdown */,
				C47F873E1B5D405200AFFDEC /* src */,
			);
			path = FMDB;
			sourceTree = "<group>";
		};
		C47F873E1B5D405200AFFDEC /* src */ = {
			isa = PBXGroup;
			children = (
				C47F873F1B5D405200AFFDEC /* fmdb */,
			);
			path = src;
			sourceTree = "<group>";
		};
		C47F873F1B5D405200AFFDEC /* fmdb */ = {
			isa = PBXGroup;
			children = (
				C47F87401B5D405200AFFDEC /* FMDatabase.h */,
				C47F87411B5D405200AFFDEC /* FMDatabase.m */,
				C47F87421B5D405200AFFDEC /* FMDatabaseAdditions.h */,
				C47F87431B5D405200AFFDEC /* FMDatabaseAdditions.m */,
				C47F87441B5D405200AFFDEC /* FMDatabasePool.h */,
				C47F87451B5D405200AFFDEC /* FMDatabasePool.m */,
				C47F87461B5D405200AFFDEC /* FMDatabaseQueue.h */,
				C47F87471B5D405200AFFDEC /* FMDatabaseQueue.m */,
				C47F87481B5D405200AFFDEC /* FMDB.h */,
				C47F87491B5D405200AFFDEC /* FMResultSet.h */,
				C47F874A1B5D405200AFFDEC /* FMResultSet.m */,
			);
			path = fmdb;
			sourceTree = "<group>";
		};
		C47F874B1B5D405200AFFDEC /* MBProgressHUD */ = {
			isa = PBXGroup;
			children = (
				C47F874C1B5D405200AFFDEC /* LICENSE */,
				C47F874D1B5D405200AFFDEC /* MBProgressHUD.h */,
				C47F874E1B5D405200AFFDEC /* MBProgressHUD.m */,
				C47F874F1B5D405200AFFDEC /* README.mdown */,
			);
			path = MBProgressHUD;
			sourceTree = "<group>";
		};
		C47F87501B5D405200AFFDEC /* MMMaterialDesignSpinner */ = {
			isa = PBXGroup;
			children = (
				C47F87511B5D405200AFFDEC /* LICENSE */,
				C47F87521B5D405200AFFDEC /* Pod */,
				C47F87561B5D405200AFFDEC /* README.md */,
			);
			path = MMMaterialDesignSpinner;
			sourceTree = "<group>";
		};
		C47F87521B5D405200AFFDEC /* Pod */ = {
			isa = PBXGroup;
			children = (
				C47F87531B5D405200AFFDEC /* Classes */,
			);
			path = Pod;
			sourceTree = "<group>";
		};
		C47F87531B5D405200AFFDEC /* Classes */ = {
			isa = PBXGroup;
			children = (
				C47F87541B5D405200AFFDEC /* MMMaterialDesignSpinner.h */,
				C47F87551B5D405200AFFDEC /* MMMaterialDesignSpinner.m */,
			);
			path = Classes;
			sourceTree = "<group>";
		};
		C47F87571B5D405200AFFDEC /* Reachability */ = {
			isa = PBXGroup;
			children = (
				C47F87581B5D405200AFFDEC /* LICENCE.txt */,
				C47F87591B5D405200AFFDEC /* Reachability.h */,
				C47F875A1B5D405200AFFDEC /* Reachability.m */,
				C47F875B1B5D405200AFFDEC /* README.md */,
			);
			path = Reachability;
			sourceTree = "<group>";
		};
		C47F875C1B5D405200AFFDEC /* SCLAlertView */ = {
			isa = PBXGroup;
			children = (
				C47F875D1B5D405200AFFDEC /* LICENCE */,
				C47F875E1B5D405200AFFDEC /* README.md */,
				C47F875F1B5D405200AFFDEC /* SCLAlertView */,
			);
			path = SCLAlertView;
			sourceTree = "<group>";
		};
		C47F875F1B5D405200AFFDEC /* SCLAlertView */ = {
			isa = PBXGroup;
			children = (
				C47F87601B5D405200AFFDEC /* Info.plist */,
				C47F87611B5D405200AFFDEC /* SCLAlertView.swift */,
			);
			path = SCLAlertView;
			sourceTree = "<group>";
		};
		C47F87621B5D405200AFFDEC /* SCLAlertView-Objective-C */ = {
			isa = PBXGroup;
			children = (
				C47F87631B5D405200AFFDEC /* LICENSE */,
				C47F87641B5D405200AFFDEC /* README.md */,
				C47F87651B5D405200AFFDEC /* SCLAlertView */,
			);
			path = "SCLAlertView-Objective-C";
			sourceTree = "<group>";
		};
		C47F87651B5D405200AFFDEC /* SCLAlertView */ = {
			isa = PBXGroup;
			children = (
				C47F87661B5D405200AFFDEC /* SCLAlertView.h */,
				C47F87671B5D405200AFFDEC /* SCLAlertView.m */,
				C47F87681B5D405200AFFDEC /* SCLAlertViewResponder.h */,
				C47F87691B5D405200AFFDEC /* SCLAlertViewResponder.m */,
				C47F876A1B5D405200AFFDEC /* SCLAlertViewStyleKit.h */,
				C47F876B1B5D405200AFFDEC /* SCLAlertViewStyleKit.m */,
				C47F876C1B5D405200AFFDEC /* SCLButton.h */,
				C47F876D1B5D405200AFFDEC /* SCLButton.m */,
				C47F876E1B5D405200AFFDEC /* SCLMacros.h */,
				C47F876F1B5D405200AFFDEC /* UIImage+ImageEffects.h */,
				C47F87701B5D405200AFFDEC /* UIImage+ImageEffects.m */,
			);
			path = SCLAlertView;
			sourceTree = "<group>";
		};
		C47F87A21B5D407600AFFDEC /* Utils */ = {
			isa = PBXGroup;
			children = (
				C47F87A31B5D407600AFFDEC /* DatabaseUtils */,
				C47F87A81B5D407600AFFDEC /* DataHelper */,
				C47F87AF1B5D407600AFFDEC /* DateUtils */,
				C47F87B21B5D407600AFFDEC /* ExtendNSLogFunctionality.h */,
				C47F87B31B5D407600AFFDEC /* ExtendNSLogFunctionality.m */,
				C47F87B41B5D407600AFFDEC /* FileUtils */,
				C47F87B91B5D407600AFFDEC /* HttpUtils */,
				C47F87BC1B5D407600AFFDEC /* ViewUtils */,
			);
			path = Utils;
			sourceTree = "<group>";
		};
		C47F87A31B5D407600AFFDEC /* DatabaseUtils */ = {
			isa = PBXGroup;
			children = (
				C47F88481B5D54FA00AFFDEC /* DatabaseUtils+Product.h */,
				C47F88491B5D54FA00AFFDEC /* DatabaseUtils+Product.m */,
				C47F87A61B5D407600AFFDEC /* DatabaseUtils.h */,
				C47F87A71B5D407600AFFDEC /* DatabaseUtils.m */,
			);
			path = DatabaseUtils;
			sourceTree = "<group>";
		};
		C47F87A81B5D407600AFFDEC /* DataHelper */ = {
			isa = PBXGroup;
			children = (
				C47F87A91B5D407600AFFDEC /* ApiHelper.h */,
				C47F87AA1B5D407600AFFDEC /* ApiHelper.m */,
			);
			path = DataHelper;
			sourceTree = "<group>";
		};
		C47F87AF1B5D407600AFFDEC /* DateUtils */ = {
			isa = PBXGroup;
			children = (
				C47F87B01B5D407600AFFDEC /* DateUtils.h */,
				C47F87B11B5D407600AFFDEC /* DateUtils.m */,
			);
			path = DateUtils;
			sourceTree = "<group>";
		};
		C47F87B41B5D407600AFFDEC /* FileUtils */ = {
			isa = PBXGroup;
			children = (
				C47F87B71B5D407600AFFDEC /* FileUtils.h */,
				C47F87B81B5D407600AFFDEC /* FileUtils.m */,
			);
			path = FileUtils;
			sourceTree = "<group>";
		};
		C47F87B91B5D407600AFFDEC /* HttpUtils */ = {
			isa = PBXGroup;
			children = (
				C47F87BA1B5D407600AFFDEC /* HttpUtils.h */,
				C47F87BB1B5D407600AFFDEC /* HttpUtils.m */,
			);
			path = HttpUtils;
			sourceTree = "<group>";
		};
		C47F87BC1B5D407600AFFDEC /* ViewUtils */ = {
			isa = PBXGroup;
			children = (
				C47F87BD1B5D407600AFFDEC /* ViewUtils.h */,
				C47F87BE1B5D407600AFFDEC /* ViewUtils.m */,
			);
			path = ViewUtils;
			sourceTree = "<group>";
		};
		C47F87CA1B5D409F00AFFDEC /* Models */ = {
			isa = PBXGroup;
			children = (
				C47F88171B5D413900AFFDEC /* Product */,
				C47F88181B5D413900AFFDEC /* ProductCache */,
				C47F88411B5D538C00AFFDEC /* ProductDayInfo */,
				C47F88101B5D413900AFFDEC /* BaseModel */,
				C47F88141B5D413900AFFDEC /* HttpResponse */,
			);
			path = Models;
			sourceTree = "<group>";
		};
		C47F88101B5D413900AFFDEC /* BaseModel */ = {
			isa = PBXGroup;
			children = (
				C47F88111B5D413900AFFDEC /* BaseModel.h */,
				C47F88121B5D413900AFFDEC /* BaseModel.m */,
			);
			path = BaseModel;
			sourceTree = "<group>";
		};
		C47F88141B5D413900AFFDEC /* HttpResponse */ = {
			isa = PBXGroup;
			children = (
				C47F88151B5D413900AFFDEC /* HttpResponse.h */,
				C47F88161B5D413900AFFDEC /* HttpResponse.m */,
			);
			path = HttpResponse;
			sourceTree = "<group>";
		};
		C47F88171B5D413900AFFDEC /* Product */ = {
			isa = PBXGroup;
			children = (
				C47F88311B5D415000AFFDEC /* Product.h */,
				C47F88321B5D415000AFFDEC /* Product.m */,
			);
			path = Product;
			sourceTree = "<group>";
		};
		C47F88181B5D413900AFFDEC /* ProductCache */ = {
			isa = PBXGroup;
			children = (
				C47F88351B5D418F00AFFDEC /* ProductCache.h */,
				C47F88361B5D418F00AFFDEC /* ProductCache.m */,
			);
			path = ProductCache;
			sourceTree = "<group>";
		};
		C47F88401B5D536300AFFDEC /* Frameworks */ = {
			isa = PBXGroup;
			children = (
				C47F883E1B5D514700AFFDEC /* libsqlite3.dylib */,
			);
			name = Frameworks;
			sourceTree = "<group>";
		};
		C47F88411B5D538C00AFFDEC /* ProductDayInfo */ = {
			isa = PBXGroup;
			children = (
				C47F88421B5D538C00AFFDEC /* ProductDayInfo.h */,
				C47F88431B5D538C00AFFDEC /* ProductDayInfo.m */,
			);
			path = ProductDayInfo;
			sourceTree = "<group>";
		};
/* End PBXGroup section */

/* Begin PBXNativeTarget section */
		C44554391B5D19B100E300B8 /* nxscae */ = {
			isa = PBXNativeTarget;
			buildConfigurationList = C445545D1B5D19B100E300B8 /* Build configuration list for PBXNativeTarget "nxscae" */;
			buildPhases = (
				C44554361B5D19B100E300B8 /* Sources */,
				C44554371B5D19B100E300B8 /* Frameworks */,
				C44554381B5D19B100E300B8 /* Resources */,
			);
			buildRules = (
			);
			dependencies = (
			);
			name = nxscae;
			productName = nxscae;
			productReference = C445543A1B5D19B100E300B8 /* nxscae.app */;
			productType = "com.apple.product-type.application";
		};
		C44554521B5D19B100E300B8 /* nxscaeTests */ = {
			isa = PBXNativeTarget;
			buildConfigurationList = C44554601B5D19B100E300B8 /* Build configuration list for PBXNativeTarget "nxscaeTests" */;
			buildPhases = (
				C445544F1B5D19B100E300B8 /* Sources */,
				C44554501B5D19B100E300B8 /* Frameworks */,
				C44554511B5D19B100E300B8 /* Resources */,
			);
			buildRules = (
			);
			dependencies = (
				C44554551B5D19B100E300B8 /* PBXTargetDependency */,
			);
			name = nxscaeTests;
			productName = nxscaeTests;
			productReference = C44554531B5D19B100E300B8 /* nxscaeTests.xctest */;
			productType = "com.apple.product-type.bundle.unit-test";
		};
/* End PBXNativeTarget section */

/* Begin PBXProject section */
		C44554321B5D19B100E300B8 /* Project object */ = {
			isa = PBXProject;
			attributes = {
				LastUpgradeCheck = 0630;
				ORGANIZATIONNAME = solife;
				TargetAttributes = {
					C44554391B5D19B100E300B8 = {
						CreatedOnToolsVersion = 6.3.2;
						DevelopmentTeam = WV94P663S4;
					};
					C44554521B5D19B100E300B8 = {
						CreatedOnToolsVersion = 6.3.2;
						TestTargetID = C44554391B5D19B100E300B8;
					};
				};
			};
			buildConfigurationList = C44554351B5D19B100E300B8 /* Build configuration list for PBXProject "nxscae" */;
			compatibilityVersion = "Xcode 3.2";
			developmentRegion = English;
			hasScannedForEncodings = 0;
			knownRegions = (
				en,
				Base,
			);
			mainGroup = C44554311B5D19B100E300B8;
			productRefGroup = C445543B1B5D19B100E300B8 /* Products */;
			projectDirPath = "";
			projectRoot = "";
			targets = (
				C44554391B5D19B100E300B8 /* nxscae */,
				C44554521B5D19B100E300B8 /* nxscaeTests */,
			);
		};
/* End PBXProject section */

/* Begin PBXResourcesBuildPhase section */
		C44554381B5D19B100E300B8 /* Resources */ = {
			isa = PBXResourcesBuildPhase;
			buildActionMask = 2147483647;
			files = (
				C47F87941B5D405200AFFDEC /* LICENCE.txt in Resources */,
				C47F87871B5D405200AFFDEC /* LICENSE.txt in Resources */,
				C44554491B5D19B100E300B8 /* Main.storyboard in Resources */,
				C47F87911B5D405200AFFDEC /* LICENSE in Resources */,
				C445544E1B5D19B100E300B8 /* LaunchScreen.xib in Resources */,
				C47F878E1B5D405200AFFDEC /* LICENSE in Resources */,
				C47F879B1B5D405200AFFDEC /* LICENSE in Resources */,
				C47F87971B5D405200AFFDEC /* LICENCE in Resources */,
				C47F877A1B5D405200AFFDEC /* LICENSE in Resources */,
				C47F87991B5D405200AFFDEC /* Info.plist in Resources */,
				C445544B1B5D19B100E300B8 /* Images.xcassets in Resources */,
				C47F87851B5D405200AFFDEC /* LICENSE in Resources */,
			);
			runOnlyForDeploymentPostprocessing = 0;
		};
		C44554511B5D19B100E300B8 /* Resources */ = {
			isa = PBXResourcesBuildPhase;
			buildActionMask = 2147483647;
			files = (
			);
			runOnlyForDeploymentPostprocessing = 0;
		};
/* End PBXResourcesBuildPhase section */

/* Begin PBXSourcesBuildPhase section */
		C44554361B5D19B100E300B8 /* Sources */ = {
			isa = PBXSourcesBuildPhase;
			buildActionMask = 2147483647;
			files = (
				C47F87811B5D405200AFFDEC /* UIProgressView+AFNetworking.m in Sources */,
				C47F87C81B5D407600AFFDEC /* HttpUtils.m in Sources */,
				C47F87901B5D405200AFFDEC /* README.mdown in Sources */,
				C47F88291B5D413900AFFDEC /* BaseModel.m in Sources */,
				C47F877F1B5D405200AFFDEC /* UIButton+AFNetworking.m in Sources */,
				C47F879F1B5D405200AFFDEC /* SCLAlertViewStyleKit.m in Sources */,
				C47F87821B5D405200AFFDEC /* UIRefreshControl+AFNetworking.m in Sources */,
				C47F877E1B5D405200AFFDEC /* UIAlertView+AFNetworking.m in Sources */,
				C47F879A1B5D405200AFFDEC /* SCLAlertView.swift in Sources */,
				C47F87711B5D405200AFFDEC /* AFHTTPRequestOperation.m in Sources */,
				C47F87981B5D405200AFFDEC /* README.md in Sources */,
				C44554461B5D19B100E300B8 /* ViewController.m in Sources */,
				C47F87721B5D405200AFFDEC /* AFHTTPRequestOperationManager.m in Sources */,
				C47F878F1B5D405200AFFDEC /* MBProgressHUD.m in Sources */,
				C47F87931B5D405200AFFDEC /* README.md in Sources */,
				C47F87741B5D405200AFFDEC /* AFNetworkReachabilityManager.m in Sources */,
				C47F87861B5D405200AFFDEC /* README.md in Sources */,
				C47F87C51B5D407600AFFDEC /* ExtendNSLogFunctionality.m in Sources */,
				C47F87A11B5D405200AFFDEC /* UIImage+ImageEffects.m in Sources */,
				C47F877B1B5D405200AFFDEC /* README.md in Sources */,
				C47F88331B5D415000AFFDEC /* Product.m in Sources */,
				C47F87841B5D405200AFFDEC /* UIViewController+CWPopup.m in Sources */,
				C47F87801B5D405200AFFDEC /* UIImageView+AFNetworking.m in Sources */,
				C47F879E1B5D405200AFFDEC /* SCLAlertViewResponder.m in Sources */,
				C47F87781B5D405200AFFDEC /* AFURLResponseSerialization.m in Sources */,
				C47F87951B5D405200AFFDEC /* Reachability.m in Sources */,
				C47F87961B5D405200AFFDEC /* README.md in Sources */,
				C47F878B1B5D405200AFFDEC /* FMDatabasePool.m in Sources */,
				C47F88441B5D538C00AFFDEC /* ProductDayInfo.m in Sources */,
				C47F88371B5D418F00AFFDEC /* ProductCache.m in Sources */,
				C47F87C11B5D407600AFFDEC /* ApiHelper.m in Sources */,
				C47F87891B5D405200AFFDEC /* FMDatabase.m in Sources */,
				C47F877D1B5D405200AFFDEC /* UIActivityIndicatorView+AFNetworking.m in Sources */,
				C47F87881B5D405200AFFDEC /* README.markdown in Sources */,
				C47F882A1B5D413900AFFDEC /* HttpResponse.m in Sources */,
				C47F878C1B5D405200AFFDEC /* FMDatabaseQueue.m in Sources */,
				C47F878D1B5D405200AFFDEC /* FMResultSet.m in Sources */,
				C47F87761B5D405200AFFDEC /* AFURLConnectionOperation.m in Sources */,
				C47F87C41B5D407600AFFDEC /* DateUtils.m in Sources */,
				C47F87921B5D405200AFFDEC /* MMMaterialDesignSpinner.m in Sources */,
				C47F87C91B5D407600AFFDEC /* ViewUtils.m in Sources */,
				C47F87C01B5D407600AFFDEC /* DatabaseUtils.m in Sources */,
				C47F87751B5D405200AFFDEC /* AFSecurityPolicy.m in Sources */,
				C47F87731B5D405200AFFDEC /* AFHTTPSessionManager.m in Sources */,
				C47F884A1B5D54FA00AFFDEC /* DatabaseUtils+Product.m in Sources */,
				C47F87771B5D405200AFFDEC /* AFURLRequestSerialization.m in Sources */,
				C47F87791B5D405200AFFDEC /* AFURLSessionManager.m in Sources */,
				C47F87A01B5D405200AFFDEC /* SCLButton.m in Sources */,
				C47F879D1B5D405200AFFDEC /* SCLAlertView.m in Sources */,
				C47F879C1B5D405200AFFDEC /* README.md in Sources */,
				C47F878A1B5D405200AFFDEC /* FMDatabaseAdditions.m in Sources */,
				C47F87831B5D405200AFFDEC /* UIWebView+AFNetworking.m in Sources */,
				C47F87C71B5D407600AFFDEC /* FileUtils.m in Sources */,
				C44554431B5D19B100E300B8 /* AppDelegate.m in Sources */,
				C47F877C1B5D405200AFFDEC /* AFNetworkActivityIndicatorManager.m in Sources */,
				C44554401B5D19B100E300B8 /* main.m in Sources */,
			);
			runOnlyForDeploymentPostprocessing = 0;
		};
		C445544F1B5D19B100E300B8 /* Sources */ = {
			isa = PBXSourcesBuildPhase;
			buildActionMask = 2147483647;
			files = (
				C445545A1B5D19B100E300B8 /* nxscaeTests.m in Sources */,
			);
			runOnlyForDeploymentPostprocessing = 0;
		};
/* End PBXSourcesBuildPhase section */

/* Begin PBXTargetDependency section */
		C44554551B5D19B100E300B8 /* PBXTargetDependency */ = {
			isa = PBXTargetDependency;
			target = C44554391B5D19B100E300B8 /* nxscae */;
			targetProxy = C44554541B5D19B100E300B8 /* PBXContainerItemProxy */;
		};
/* End PBXTargetDependency section */

/* Begin PBXVariantGroup section */
		C44554471B5D19B100E300B8 /* Main.storyboard */ = {
			isa = PBXVariantGroup;
			children = (
				C44554481B5D19B100E300B8 /* Base */,
			);
			name = Main.storyboard;
			sourceTree = "<group>";
		};
		C445544C1B5D19B100E300B8 /* LaunchScreen.xib */ = {
			isa = PBXVariantGroup;
			children = (
				C445544D1B5D19B100E300B8 /* Base */,
			);
			name = LaunchScreen.xib;
			sourceTree = "<group>";
		};
/* End PBXVariantGroup section */

/* Begin XCBuildConfiguration section */
		C445545B1B5D19B100E300B8 /* Debug */ = {
			isa = XCBuildConfiguration;
			buildSettings = {
				ALWAYS_SEARCH_USER_PATHS = NO;
				CLANG_CXX_LANGUAGE_STANDARD = "gnu++0x";
				CLANG_CXX_LIBRARY = "libc++";
				CLANG_ENABLE_MODULES = YES;
				CLANG_ENABLE_OBJC_ARC = YES;
				CLANG_WARN_BOOL_CONVERSION = YES;
				CLANG_WARN_CONSTANT_CONVERSION = YES;
				CLANG_WARN_DIRECT_OBJC_ISA_USAGE = YES_ERROR;
				CLANG_WARN_EMPTY_BODY = YES;
				CLANG_WARN_ENUM_CONVERSION = YES;
				CLANG_WARN_INT_CONVERSION = YES;
				CLANG_WARN_OBJC_ROOT_CLASS = YES_ERROR;
				CLANG_WARN_UNREACHABLE_CODE = YES;
				CLANG_WARN__DUPLICATE_METHOD_MATCH = YES;
				"CODE_SIGN_IDENTITY[sdk=iphoneos*]" = "iPhone Developer";
				COPY_PHASE_STRIP = NO;
				DEBUG_INFORMATION_FORMAT = "dwarf-with-dsym";
				ENABLE_STRICT_OBJC_MSGSEND = YES;
				GCC_C_LANGUAGE_STANDARD = gnu99;
				GCC_DYNAMIC_NO_PIC = NO;
				GCC_NO_COMMON_BLOCKS = YES;
				GCC_OPTIMIZATION_LEVEL = 0;
				GCC_PREPROCESSOR_DEFINITIONS = (
					"DEBUG=1",
					"$(inherited)",
				);
				GCC_SYMBOLS_PRIVATE_EXTERN = NO;
				GCC_WARN_64_TO_32_BIT_CONVERSION = YES;
				GCC_WARN_ABOUT_RETURN_TYPE = YES_ERROR;
				GCC_WARN_UNDECLARED_SELECTOR = YES;
				GCC_WARN_UNINITIALIZED_AUTOS = YES_AGGRESSIVE;
				GCC_WARN_UNUSED_FUNCTION = YES;
				GCC_WARN_UNUSED_VARIABLE = YES;
				IPHONEOS_DEPLOYMENT_TARGET = 8.3;
				MTL_ENABLE_DEBUG_INFO = YES;
				ONLY_ACTIVE_ARCH = YES;
				SDKROOT = iphoneos;
				TARGETED_DEVICE_FAMILY = "1,2";
			};
			name = Debug;
		};
		C445545C1B5D19B100E300B8 /* Release */ = {
			isa = XCBuildConfiguration;
			buildSettings = {
				ALWAYS_SEARCH_USER_PATHS = NO;
				CLANG_CXX_LANGUAGE_STANDARD = "gnu++0x";
				CLANG_CXX_LIBRARY = "libc++";
				CLANG_ENABLE_MODULES = YES;
				CLANG_ENABLE_OBJC_ARC = YES;
				CLANG_WARN_BOOL_CONVERSION = YES;
				CLANG_WARN_CONSTANT_CONVERSION = YES;
				CLANG_WARN_DIRECT_OBJC_ISA_USAGE = YES_ERROR;
				CLANG_WARN_EMPTY_BODY = YES;
				CLANG_WARN_ENUM_CONVERSION = YES;
				CLANG_WARN_INT_CONVERSION = YES;
				CLANG_WARN_OBJC_ROOT_CLASS = YES_ERROR;
				CLANG_WARN_UNREACHABLE_CODE = YES;
				CLANG_WARN__DUPLICATE_METHOD_MATCH = YES;
				"CODE_SIGN_IDENTITY[sdk=iphoneos*]" = "iPhone Developer";
				COPY_PHASE_STRIP = NO;
				DEBUG_INFORMATION_FORMAT = "dwarf-with-dsym";
				ENABLE_NS_ASSERTIONS = NO;
				ENABLE_STRICT_OBJC_MSGSEND = YES;
				GCC_C_LANGUAGE_STANDARD = gnu99;
				GCC_NO_COMMON_BLOCKS = YES;
				GCC_WARN_64_TO_32_BIT_CONVERSION = YES;
				GCC_WARN_ABOUT_RETURN_TYPE = YES_ERROR;
				GCC_WARN_UNDECLARED_SELECTOR = YES;
				GCC_WARN_UNINITIALIZED_AUTOS = YES_AGGRESSIVE;
				GCC_WARN_UNUSED_FUNCTION = YES;
				GCC_WARN_UNUSED_VARIABLE = YES;
				IPHONEOS_DEPLOYMENT_TARGET = 8.3;
				MTL_ENABLE_DEBUG_INFO = NO;
				SDKROOT = iphoneos;
				TARGETED_DEVICE_FAMILY = "1,2";
				VALIDATE_PRODUCT = YES;
			};
			name = Release;
		};
		C445545E1B5D19B100E300B8 /* Debug */ = {
			isa = XCBuildConfiguration;
			buildSettings = {
				ASSETCATALOG_COMPILER_APPICON_NAME = AppIcon;
				CODE_SIGN_IDENTITY = "iPhone Developer";
				INFOPLIST_FILE = nxscae/Info.plist;
				IPHONEOS_DEPLOYMENT_TARGET = 7.0;
				LD_RUNPATH_SEARCH_PATHS = "$(inherited) @executable_path/Frameworks";
				PRODUCT_NAME = "$(TARGET_NAME)";
			};
			name = Debug;
		};
		C445545F1B5D19B100E300B8 /* Release */ = {
			isa = XCBuildConfiguration;
			buildSettings = {
				ASSETCATALOG_COMPILER_APPICON_NAME = AppIcon;
				CODE_SIGN_IDENTITY = "iPhone Developer";
				"CODE_SIGN_IDENTITY[sdk=iphoneos*]" = "iPhone Distribution";
				INFOPLIST_FILE = nxscae/Info.plist;
				IPHONEOS_DEPLOYMENT_TARGET = 7.0;
				LD_RUNPATH_SEARCH_PATHS = "$(inherited) @executable_path/Frameworks";
				PRODUCT_NAME = "$(TARGET_NAME)";
			};
			name = Release;
		};
		C44554611B5D19B100E300B8 /* Debug */ = {
			isa = XCBuildConfiguration;
			buildSettings = {
				BUNDLE_LOADER = "$(TEST_HOST)";
				FRAMEWORK_SEARCH_PATHS = (
					"$(SDKROOT)/Developer/Library/Frameworks",
					"$(inherited)",
				);
				GCC_PREPROCESSOR_DEFINITIONS = (
					"DEBUG=1",
					"$(inherited)",
				);
				INFOPLIST_FILE = nxscaeTests/Info.plist;
				LD_RUNPATH_SEARCH_PATHS = "$(inherited) @executable_path/Frameworks @loader_path/Frameworks";
				PRODUCT_NAME = "$(TARGET_NAME)";
				TEST_HOST = "$(BUILT_PRODUCTS_DIR)/nxscae.app/nxscae";
			};
			name = Debug;
		};
		C44554621B5D19B100E300B8 /* Release */ = {
			isa = XCBuildConfiguration;
			buildSettings = {
				BUNDLE_LOADER = "$(TEST_HOST)";
				FRAMEWORK_SEARCH_PATHS = (
					"$(SDKROOT)/Developer/Library/Frameworks",
					"$(inherited)",
				);
				INFOPLIST_FILE = nxscaeTests/Info.plist;
				LD_RUNPATH_SEARCH_PATHS = "$(inherited) @executable_path/Frameworks @loader_path/Frameworks";
				PRODUCT_NAME = "$(TARGET_NAME)";
				TEST_HOST = "$(BUILT_PRODUCTS_DIR)/nxscae.app/nxscae";
			};
			name = Release;
		};
/* End XCBuildConfiguration section */

/* Begin XCConfigurationList section */
		C44554351B5D19B100E300B8 /* Build configuration list for PBXProject "nxscae" */ = {
			isa = XCConfigurationList;
			buildConfigurations = (
				C445545B1B5D19B100E300B8 /* Debug */,
				C445545C1B5D19B100E300B8 /* Release */,
			);
			defaultConfigurationIsVisible = 0;
			defaultConfigurationName = Release;
		};
		C445545D1B5D19B100E300B8 /* Build configuration list for PBXNativeTarget "nxscae" */ = {
			isa = XCConfigurationList;
			buildConfigurations = (
				C445545E1B5D19B100E300B8 /* Debug */,
				C445545F1B5D19B100E300B8 /* Release */,
			);
			defaultConfigurationIsVisible = 0;
			defaultConfigurationName = Release;
		};
		C44554601B5D19B100E300B8 /* Build configuration list for PBXNativeTarget "nxscaeTests" */ = {
			isa = XCConfigurationList;
			buildConfigurations = (
				C44554611B5D19B100E300B8 /* Debug */,
				C44554621B5D19B100E300B8 /* Release */,
			);
			defaultConfigurationIsVisible = 0;
			defaultConfigurationName = Release;
		};
/* End XCConfigurationList section */
	};
	rootObject = C44554321B5D19B100E300B8 /* Project object */;
}
