// !$*UTF8*$!
{
	archiveVersion = 1;
	classes = {
	};
	objectVersion = 46;
	objects = {

/* Begin PBXBuildFile section */
		C419D29F1B5F79B3008A2C66 /* HtmlBuilder.m in Sources */ = {isa = PBXBuildFile; fileRef = C419D29E1B5F79B3008A2C66 /* HtmlBuilder.m */; };
		C44554401B5D19B100E300B8 /* main.m in Sources */ = {isa = PBXBuildFile; fileRef = C445543F1B5D19B100E300B8 /* main.m */; };
		C44554431B5D19B100E300B8 /* AppDelegate.m in Sources */ = {isa = PBXBuildFile; fileRef = C44554421B5D19B100E300B8 /* AppDelegate.m */; };
		C44554461B5D19B100E300B8 /* ViewController.m in Sources */ = {isa = PBXBuildFile; fileRef = C44554451B5D19B100E300B8 /* ViewController.m */; };
		C44554491B5D19B100E300B8 /* Main.storyboard in Resources */ = {isa = PBXBuildFile; fileRef = C44554471B5D19B100E300B8 /* Main.storyboard */; };
		C445544B1B5D19B100E300B8 /* Images.xcassets in Resources */ = {isa = PBXBuildFile; fileRef = C445544A1B5D19B100E300B8 /* Images.xcassets */; };
		C445544E1B5D19B100E300B8 /* LaunchScreen.xib in Resources */ = {isa = PBXBuildFile; fileRef = C445544C1B5D19B100E300B8 /* LaunchScreen.xib */; };
		C445545A1B5D19B100E300B8 /* nxscaeTests.m in Sources */ = {isa = PBXBuildFile; fileRef = C44554591B5D19B100E300B8 /* nxscaeTests.m */; };
		C47F87C01B5D407600AFFDEC /* DatabaseUtils.m in Sources */ = {isa = PBXBuildFile; fileRef = C47F87A71B5D407600AFFDEC /* DatabaseUtils.m */; };
		C47F87C11B5D407600AFFDEC /* ApiHelper.m in Sources */ = {isa = PBXBuildFile; fileRef = C47F87AA1B5D407600AFFDEC /* ApiHelper.m */; };
		C47F87C41B5D407600AFFDEC /* DateUtils.m in Sources */ = {isa = PBXBuildFile; fileRef = C47F87B11B5D407600AFFDEC /* DateUtils.m */; };
		C47F87C51B5D407600AFFDEC /* ExtendNSLogFunctionality.m in Sources */ = {isa = PBXBuildFile; fileRef = C47F87B31B5D407600AFFDEC /* ExtendNSLogFunctionality.m */; };
		C47F87C71B5D407600AFFDEC /* FileUtils.m in Sources */ = {isa = PBXBuildFile; fileRef = C47F87B81B5D407600AFFDEC /* FileUtils.m */; };
		C47F87C81B5D407600AFFDEC /* HttpUtils.m in Sources */ = {isa = PBXBuildFile; fileRef = C47F87BB1B5D407600AFFDEC /* HttpUtils.m */; };
		C47F87C91B5D407600AFFDEC /* ViewUtils.m in Sources */ = {isa = PBXBuildFile; fileRef = C47F87BE1B5D407600AFFDEC /* ViewUtils.m */; };
		C47F88291B5D413900AFFDEC /* BaseModel.m in Sources */ = {isa = PBXBuildFile; fileRef = C47F88121B5D413900AFFDEC /* BaseModel.m */; };
		C47F882A1B5D413900AFFDEC /* HttpResponse.m in Sources */ = {isa = PBXBuildFile; fileRef = C47F88161B5D413900AFFDEC /* HttpResponse.m */; };
		C47F88331B5D415000AFFDEC /* Product.m in Sources */ = {isa = PBXBuildFile; fileRef = C47F88321B5D415000AFFDEC /* Product.m */; };
		C47F88371B5D418F00AFFDEC /* ProductCache.m in Sources */ = {isa = PBXBuildFile; fileRef = C47F88361B5D418F00AFFDEC /* ProductCache.m */; };
		C47F883F1B5D514700AFFDEC /* libsqlite3.dylib in Frameworks */ = {isa = PBXBuildFile; fileRef = C47F883E1B5D514700AFFDEC /* libsqlite3.dylib */; };
		C47F88441B5D538C00AFFDEC /* ProductDayInfo.m in Sources */ = {isa = PBXBuildFile; fileRef = C47F88431B5D538C00AFFDEC /* ProductDayInfo.m */; };
		C47F884A1B5D54FA00AFFDEC /* DatabaseUtils+Product.m in Sources */ = {isa = PBXBuildFile; fileRef = C47F88491B5D54FA00AFFDEC /* DatabaseUtils+Product.m */; };
		C4F2E82F1B5E2A2A001599F2 /* jquery-2.1.1.min.js in Resources */ = {isa = PBXBuildFile; fileRef = C4F2E82D1B5E2A2A001599F2 /* jquery-2.1.1.min.js */; };
		C4F2E8321B5E2B03001599F2 /* bootstrap.320.min.css in Resources */ = {isa = PBXBuildFile; fileRef = C4F2E8301B5E2B03001599F2 /* bootstrap.320.min.css */; };
		C4F2E8331B5E2B03001599F2 /* bootstrap.320.min.js in Resources */ = {isa = PBXBuildFile; fileRef = C4F2E8311B5E2B03001599F2 /* bootstrap.320.min.js */; };
		EB8A42B93224689FC130B90F /* libPods.a in Frameworks */ = {isa = PBXBuildFile; fileRef = 430898F6E6160888941007A9 /* libPods.a */; };
/* End PBXBuildFile section */

/* Begin PBXContainerItemProxy section */
		C44554541B5D19B100E300B8 /* PBXContainerItemProxy */ = {
			isa = PBXContainerItemProxy;
			containerPortal = C44554321B5D19B100E300B8 /* Project object */;
			proxyType = 1;
			remoteGlobalIDString = C44554391B5D19B100E300B8;
			remoteInfo = nxscae;
		};
/* End PBXContainerItemProxy section */

/* Begin PBXFileReference section */
		35011A96913A56170FBD59A2 /* Pods.release.xcconfig */ = {isa = PBXFileReference; includeInIndex = 1; lastKnownFileType = text.xcconfig; name = Pods.release.xcconfig; path = "Pods/Target Support Files/Pods/Pods.release.xcconfig"; sourceTree = "<group>"; };
		430898F6E6160888941007A9 /* libPods.a */ = {isa = PBXFileReference; explicitFileType = archive.ar; includeInIndex = 0; path = libPods.a; sourceTree = BUILT_PRODUCTS_DIR; };
		853D365B89E315AAB006368B /* Pods.debug.xcconfig */ = {isa = PBXFileReference; includeInIndex = 1; lastKnownFileType = text.xcconfig; name = Pods.debug.xcconfig; path = "Pods/Target Support Files/Pods/Pods.debug.xcconfig"; sourceTree = "<group>"; };
		C419D29D1B5F79B3008A2C66 /* HtmlBuilder.h */ = {isa = PBXFileReference; fileEncoding = 4; lastKnownFileType = sourcecode.c.h; path = HtmlBuilder.h; sourceTree = "<group>"; };
		C419D29E1B5F79B3008A2C66 /* HtmlBuilder.m */ = {isa = PBXFileReference; fileEncoding = 4; lastKnownFileType = sourcecode.c.objc; path = HtmlBuilder.m; sourceTree = "<group>"; };
		C445543A1B5D19B100E300B8 /* nxscae.app */ = {isa = PBXFileReference; explicitFileType = wrapper.application; includeInIndex = 0; path = nxscae.app; sourceTree = BUILT_PRODUCTS_DIR; };
		C445543E1B5D19B100E300B8 /* Info.plist */ = {isa = PBXFileReference; lastKnownFileType = text.plist.xml; path = Info.plist; sourceTree = "<group>"; };
		C445543F1B5D19B100E300B8 /* main.m */ = {isa = PBXFileReference; lastKnownFileType = sourcecode.c.objc; path = main.m; sourceTree = "<group>"; };
		C44554411B5D19B100E300B8 /* AppDelegate.h */ = {isa = PBXFileReference; lastKnownFileType = sourcecode.c.h; path = AppDelegate.h; sourceTree = "<group>"; };
		C44554421B5D19B100E300B8 /* AppDelegate.m */ = {isa = PBXFileReference; lastKnownFileType = sourcecode.c.objc; path = AppDelegate.m; sourceTree = "<group>"; };
		C44554441B5D19B100E300B8 /* ViewController.h */ = {isa = PBXFileReference; lastKnownFileType = sourcecode.c.h; path = ViewController.h; sourceTree = "<group>"; };
		C44554451B5D19B100E300B8 /* ViewController.m */ = {isa = PBXFileReference; lastKnownFileType = sourcecode.c.objc; path = ViewController.m; sourceTree = "<group>"; };
		C44554481B5D19B100E300B8 /* Base */ = {isa = PBXFileReference; lastKnownFileType = file.storyboard; name = Base; path = Base.lproj/Main.storyboard; sourceTree = "<group>"; };
		C445544A1B5D19B100E300B8 /* Images.xcassets */ = {isa = PBXFileReference; lastKnownFileType = folder.assetcatalog; path = Images.xcassets; sourceTree = "<group>"; };
		C445544D1B5D19B100E300B8 /* Base */ = {isa = PBXFileReference; lastKnownFileType = file.xib; name = Base; path = Base.lproj/LaunchScreen.xib; sourceTree = "<group>"; };
		C44554531B5D19B100E300B8 /* nxscaeTests.xctest */ = {isa = PBXFileReference; explicitFileType = wrapper.cfbundle; includeInIndex = 0; path = nxscaeTests.xctest; sourceTree = BUILT_PRODUCTS_DIR; };
		C44554581B5D19B100E300B8 /* Info.plist */ = {isa = PBXFileReference; lastKnownFileType = text.plist.xml; path = Info.plist; sourceTree = "<group>"; };
		C44554591B5D19B100E300B8 /* nxscaeTests.m */ = {isa = PBXFileReference; lastKnownFileType = sourcecode.c.objc; path = nxscaeTests.m; sourceTree = "<group>"; };
		C47F87A61B5D407600AFFDEC /* DatabaseUtils.h */ = {isa = PBXFileReference; fileEncoding = 4; lastKnownFileType = sourcecode.c.h; path = DatabaseUtils.h; sourceTree = "<group>"; };
		C47F87A71B5D407600AFFDEC /* DatabaseUtils.m */ = {isa = PBXFileReference; fileEncoding = 4; lastKnownFileType = sourcecode.c.objc; path = DatabaseUtils.m; sourceTree = "<group>"; };
		C47F87A91B5D407600AFFDEC /* ApiHelper.h */ = {isa = PBXFileReference; fileEncoding = 4; lastKnownFileType = sourcecode.c.h; path = ApiHelper.h; sourceTree = "<group>"; };
		C47F87AA1B5D407600AFFDEC /* ApiHelper.m */ = {isa = PBXFileReference; fileEncoding = 4; lastKnownFileType = sourcecode.c.objc; path = ApiHelper.m; sourceTree = "<group>"; };
		C47F87B01B5D407600AFFDEC /* DateUtils.h */ = {isa = PBXFileReference; fileEncoding = 4; lastKnownFileType = sourcecode.c.h; path = DateUtils.h; sourceTree = "<group>"; };
		C47F87B11B5D407600AFFDEC /* DateUtils.m */ = {isa = PBXFileReference; fileEncoding = 4; lastKnownFileType = sourcecode.c.objc; path = DateUtils.m; sourceTree = "<group>"; };
		C47F87B21B5D407600AFFDEC /* ExtendNSLogFunctionality.h */ = {isa = PBXFileReference; fileEncoding = 4; lastKnownFileType = sourcecode.c.h; path = ExtendNSLogFunctionality.h; sourceTree = "<group>"; };
		C47F87B31B5D407600AFFDEC /* ExtendNSLogFunctionality.m */ = {isa = PBXFileReference; fileEncoding = 4; lastKnownFileType = sourcecode.c.objc; path = ExtendNSLogFunctionality.m; sourceTree = "<group>"; };
		C47F87B71B5D407600AFFDEC /* FileUtils.h */ = {isa = PBXFileReference; fileEncoding = 4; lastKnownFileType = sourcecode.c.h; path = FileUtils.h; sourceTree = "<group>"; };
		C47F87B81B5D407600AFFDEC /* FileUtils.m */ = {isa = PBXFileReference; fileEncoding = 4; lastKnownFileType = sourcecode.c.objc; path = FileUtils.m; sourceTree = "<group>"; };
		C47F87BA1B5D407600AFFDEC /* HttpUtils.h */ = {isa = PBXFileReference; fileEncoding = 4; lastKnownFileType = sourcecode.c.h; path = HttpUtils.h; sourceTree = "<group>"; };
		C47F87BB1B5D407600AFFDEC /* HttpUtils.m */ = {isa = PBXFileReference; fileEncoding = 4; lastKnownFileType = sourcecode.c.objc; path = HttpUtils.m; sourceTree = "<group>"; };
		C47F87BD1B5D407600AFFDEC /* ViewUtils.h */ = {isa = PBXFileReference; fileEncoding = 4; lastKnownFileType = sourcecode.c.h; path = ViewUtils.h; sourceTree = "<group>"; };
		C47F87BE1B5D407600AFFDEC /* ViewUtils.m */ = {isa = PBXFileReference; fileEncoding = 4; lastKnownFileType = sourcecode.c.objc; path = ViewUtils.m; sourceTree = "<group>"; };
		C47F88111B5D413900AFFDEC /* BaseModel.h */ = {isa = PBXFileReference; fileEncoding = 4; lastKnownFileType = sourcecode.c.h; path = BaseModel.h; sourceTree = "<group>"; };
		C47F88121B5D413900AFFDEC /* BaseModel.m */ = {isa = PBXFileReference; fileEncoding = 4; lastKnownFileType = sourcecode.c.objc; path = BaseModel.m; sourceTree = "<group>"; };
		C47F88151B5D413900AFFDEC /* HttpResponse.h */ = {isa = PBXFileReference; fileEncoding = 4; lastKnownFileType = sourcecode.c.h; path = HttpResponse.h; sourceTree = "<group>"; };
		C47F88161B5D413900AFFDEC /* HttpResponse.m */ = {isa = PBXFileReference; fileEncoding = 4; lastKnownFileType = sourcecode.c.objc; path = HttpResponse.m; sourceTree = "<group>"; };
		C47F88311B5D415000AFFDEC /* Product.h */ = {isa = PBXFileReference; fileEncoding = 4; lastKnownFileType = sourcecode.c.h; path = Product.h; sourceTree = "<group>"; };
		C47F88321B5D415000AFFDEC /* Product.m */ = {isa = PBXFileReference; fileEncoding = 4; lastKnownFileType = sourcecode.c.objc; path = Product.m; sourceTree = "<group>"; };
		C47F88341B5D417D00AFFDEC /* const.h */ = {isa = PBXFileReference; lastKnownFileType = sourcecode.c.h; path = const.h; sourceTree = "<group>"; };
		C47F88351B5D418F00AFFDEC /* ProductCache.h */ = {isa = PBXFileReference; fileEncoding = 4; lastKnownFileType = sourcecode.c.h; name = ProductCache.h; path = ../../ProductCache.h; sourceTree = "<group>"; };
		C47F88361B5D418F00AFFDEC /* ProductCache.m */ = {isa = PBXFileReference; fileEncoding = 4; lastKnownFileType = sourcecode.c.objc; name = ProductCache.m; path = ../../ProductCache.m; sourceTree = "<group>"; };
		C47F883E1B5D514700AFFDEC /* libsqlite3.dylib */ = {isa = PBXFileReference; lastKnownFileType = "compiled.mach-o.dylib"; name = libsqlite3.dylib; path = usr/lib/libsqlite3.dylib; sourceTree = SDKROOT; };
		C47F88421B5D538C00AFFDEC /* ProductDayInfo.h */ = {isa = PBXFileReference; fileEncoding = 4; lastKnownFileType = sourcecode.c.h; path = ProductDayInfo.h; sourceTree = "<group>"; };
		C47F88431B5D538C00AFFDEC /* ProductDayInfo.m */ = {isa = PBXFileReference; fileEncoding = 4; lastKnownFileType = sourcecode.c.objc; path = ProductDayInfo.m; sourceTree = "<group>"; };
		C47F88481B5D54FA00AFFDEC /* DatabaseUtils+Product.h */ = {isa = PBXFileReference; fileEncoding = 4; lastKnownFileType = sourcecode.c.h; path = "DatabaseUtils+Product.h"; sourceTree = "<group>"; };
		C47F88491B5D54FA00AFFDEC /* DatabaseUtils+Product.m */ = {isa = PBXFileReference; fileEncoding = 4; lastKnownFileType = sourcecode.c.objc; path = "DatabaseUtils+Product.m"; sourceTree = "<group>"; };
		C4F2E82D1B5E2A2A001599F2 /* jquery-2.1.1.min.js */ = {isa = PBXFileReference; fileEncoding = 4; lastKnownFileType = sourcecode.javascript; path = "jquery-2.1.1.min.js"; sourceTree = "<group>"; };
		C4F2E8301B5E2B03001599F2 /* bootstrap.320.min.css */ = {isa = PBXFileReference; fileEncoding = 4; lastKnownFileType = text.css; path = bootstrap.320.min.css; sourceTree = "<group>"; };
		C4F2E8311B5E2B03001599F2 /* bootstrap.320.min.js */ = {isa = PBXFileReference; fileEncoding = 4; lastKnownFileType = sourcecode.javascript; path = bootstrap.320.min.js; sourceTree = "<group>"; };
/* End PBXFileReference section */

/* Begin PBXFrameworksBuildPhase section */
		C44554371B5D19B100E300B8 /* Frameworks */ = {
			isa = PBXFrameworksBuildPhase;
			buildActionMask = 2147483647;
			files = (
				C47F883F1B5D514700AFFDEC /* libsqlite3.dylib in Frameworks */,
				EB8A42B93224689FC130B90F /* libPods.a in Frameworks */,
			);
			runOnlyForDeploymentPostprocessing = 0;
		};
		C44554501B5D19B100E300B8 /* Frameworks */ = {
			isa = PBXFrameworksBuildPhase;
			buildActionMask = 2147483647;
			files = (
			);
			runOnlyForDeploymentPostprocessing = 0;
		};
/* End PBXFrameworksBuildPhase section */

/* Begin PBXGroup section */
		54180E2E575FF29101265A7A /* Pods */ = {
			isa = PBXGroup;
			children = (
				853D365B89E315AAB006368B /* Pods.debug.xcconfig */,
				35011A96913A56170FBD59A2 /* Pods.release.xcconfig */,
			);
			name = Pods;
			sourceTree = "<group>";
		};
		C419D29C1B5F79A1008A2C66 /* HtmlBuilder */ = {
			isa = PBXGroup;
			children = (
				C419D29D1B5F79B3008A2C66 /* HtmlBuilder.h */,
				C419D29E1B5F79B3008A2C66 /* HtmlBuilder.m */,
			);
			path = HtmlBuilder;
			sourceTree = "<group>";
		};
		C44554311B5D19B100E300B8 = {
			isa = PBXGroup;
			children = (
				C47F88401B5D536300AFFDEC /* Frameworks */,
				C445543C1B5D19B100E300B8 /* nxscae */,
				C44554561B5D19B100E300B8 /* nxscaeTests */,
				C445543B1B5D19B100E300B8 /* Products */,
				54180E2E575FF29101265A7A /* Pods */,
			);
			sourceTree = "<group>";
		};
		C445543B1B5D19B100E300B8 /* Products */ = {
			isa = PBXGroup;
			children = (
				C445543A1B5D19B100E300B8 /* nxscae.app */,
				C44554531B5D19B100E300B8 /* nxscaeTests.xctest */,
			);
			name = Products;
			sourceTree = "<group>";
		};
		C445543C1B5D19B100E300B8 /* nxscae */ = {
			isa = PBXGroup;
			children = (
				C4F2E82B1B5E2A2A001599F2 /* Resources */,
				C47F87CA1B5D409F00AFFDEC /* Models */,
				C47F87A21B5D407600AFFDEC /* Utils */,
				C44554411B5D19B100E300B8 /* AppDelegate.h */,
				C44554421B5D19B100E300B8 /* AppDelegate.m */,
				C44554441B5D19B100E300B8 /* ViewController.h */,
				C44554451B5D19B100E300B8 /* ViewController.m */,
				C44554471B5D19B100E300B8 /* Main.storyboard */,
				C445544A1B5D19B100E300B8 /* Images.xcassets */,
				C445544C1B5D19B100E300B8 /* LaunchScreen.xib */,
				C445543D1B5D19B100E300B8 /* Supporting Files */,
				C47F88341B5D417D00AFFDEC /* const.h */,
			);
			path = nxscae;
			sourceTree = "<group>";
		};
		C445543D1B5D19B100E300B8 /* Supporting Files */ = {
			isa = PBXGroup;
			children = (
				C445543E1B5D19B100E300B8 /* Info.plist */,
				C445543F1B5D19B100E300B8 /* main.m */,
			);
			name = "Supporting Files";
			sourceTree = "<group>";
		};
		C44554561B5D19B100E300B8 /* nxscaeTests */ = {
			isa = PBXGroup;
			children = (
				C44554591B5D19B100E300B8 /* nxscaeTests.m */,
				C44554571B5D19B100E300B8 /* Supporting Files */,
			);
			path = nxscaeTests;
			sourceTree = "<group>";
		};
		C44554571B5D19B100E300B8 /* Supporting Files */ = {
			isa = PBXGroup;
			children = (
				C44554581B5D19B100E300B8 /* Info.plist */,
			);
			name = "Supporting Files";
			sourceTree = "<group>";
		};
		C47F87A21B5D407600AFFDEC /* Utils */ = {
			isa = PBXGroup;
			children = (
				C419D29C1B5F79A1008A2C66 /* HtmlBuilder */,
				C47F87A31B5D407600AFFDEC /* DatabaseUtils */,
				C47F87A81B5D407600AFFDEC /* DataHelper */,
				C47F87AF1B5D407600AFFDEC /* DateUtils */,
				C47F87B21B5D407600AFFDEC /* ExtendNSLogFunctionality.h */,
				C47F87B31B5D407600AFFDEC /* ExtendNSLogFunctionality.m */,
				C47F87B41B5D407600AFFDEC /* FileUtils */,
				C47F87B91B5D407600AFFDEC /* HttpUtils */,
				C47F87BC1B5D407600AFFDEC /* ViewUtils */,
			);
			path = Utils;
			sourceTree = "<group>";
		};
		C47F87A31B5D407600AFFDEC /* DatabaseUtils */ = {
			isa = PBXGroup;
			children = (
				C47F88481B5D54FA00AFFDEC /* DatabaseUtils+Product.h */,
				C47F88491B5D54FA00AFFDEC /* DatabaseUtils+Product.m */,
				C47F87A61B5D407600AFFDEC /* DatabaseUtils.h */,
				C47F87A71B5D407600AFFDEC /* DatabaseUtils.m */,
			);
			path = DatabaseUtils;
			sourceTree = "<group>";
		};
		C47F87A81B5D407600AFFDEC /* DataHelper */ = {
			isa = PBXGroup;
			children = (
				C47F87A91B5D407600AFFDEC /* ApiHelper.h */,
				C47F87AA1B5D407600AFFDEC /* ApiHelper.m */,
			);
			path = DataHelper;
			sourceTree = "<group>";
		};
		C47F87AF1B5D407600AFFDEC /* DateUtils */ = {
			isa = PBXGroup;
			children = (
				C47F87B01B5D407600AFFDEC /* DateUtils.h */,
				C47F87B11B5D407600AFFDEC /* DateUtils.m */,
			);
			path = DateUtils;
			sourceTree = "<group>";
		};
		C47F87B41B5D407600AFFDEC /* FileUtils */ = {
			isa = PBXGroup;
			children = (
				C47F87B71B5D407600AFFDEC /* FileUtils.h */,
				C47F87B81B5D407600AFFDEC /* FileUtils.m */,
			);
			path = FileUtils;
			sourceTree = "<group>";
		};
		C47F87B91B5D407600AFFDEC /* HttpUtils */ = {
			isa = PBXGroup;
			children = (
				C47F87BA1B5D407600AFFDEC /* HttpUtils.h */,
				C47F87BB1B5D407600AFFDEC /* HttpUtils.m */,
			);
			path = HttpUtils;
			sourceTree = "<group>";
		};
		C47F87BC1B5D407600AFFDEC /* ViewUtils */ = {
			isa = PBXGroup;
			children = (
				C47F87BD1B5D407600AFFDEC /* ViewUtils.h */,
				C47F87BE1B5D407600AFFDEC /* ViewUtils.m */,
			);
			path = ViewUtils;
			sourceTree = "<group>";
		};
		C47F87CA1B5D409F00AFFDEC /* Models */ = {
			isa = PBXGroup;
			children = (
				C47F88171B5D413900AFFDEC /* Product */,
				C47F88181B5D413900AFFDEC /* ProductCache */,
				C47F88411B5D538C00AFFDEC /* ProductDayInfo */,
				C47F88101B5D413900AFFDEC /* BaseModel */,
				C47F88141B5D413900AFFDEC /* HttpResponse */,
			);
			path = Models;
			sourceTree = "<group>";
		};
		C47F88101B5D413900AFFDEC /* BaseModel */ = {
			isa = PBXGroup;
			children = (
				C47F88111B5D413900AFFDEC /* BaseModel.h */,
				C47F88121B5D413900AFFDEC /* BaseModel.m */,
			);
			path = BaseModel;
			sourceTree = "<group>";
		};
		C47F88141B5D413900AFFDEC /* HttpResponse */ = {
			isa = PBXGroup;
			children = (
				C47F88151B5D413900AFFDEC /* HttpResponse.h */,
				C47F88161B5D413900AFFDEC /* HttpResponse.m */,
			);
			path = HttpResponse;
			sourceTree = "<group>";
		};
		C47F88171B5D413900AFFDEC /* Product */ = {
			isa = PBXGroup;
			children = (
				C47F88311B5D415000AFFDEC /* Product.h */,
				C47F88321B5D415000AFFDEC /* Product.m */,
			);
			path = Product;
			sourceTree = "<group>";
		};
		C47F88181B5D413900AFFDEC /* ProductCache */ = {
			isa = PBXGroup;
			children = (
				C47F88351B5D418F00AFFDEC /* ProductCache.h */,
				C47F88361B5D418F00AFFDEC /* ProductCache.m */,
			);
			path = ProductCache;
			sourceTree = "<group>";
		};
		C47F88401B5D536300AFFDEC /* Frameworks */ = {
			isa = PBXGroup;
			children = (
				C47F883E1B5D514700AFFDEC /* libsqlite3.dylib */,
				430898F6E6160888941007A9 /* libPods.a */,
			);
			name = Frameworks;
			sourceTree = "<group>";
		};
		C47F88411B5D538C00AFFDEC /* ProductDayInfo */ = {
			isa = PBXGroup;
			children = (
				C47F88421B5D538C00AFFDEC /* ProductDayInfo.h */,
				C47F88431B5D538C00AFFDEC /* ProductDayInfo.m */,
			);
			path = ProductDayInfo;
			sourceTree = "<group>";
		};
		C4F2E82B1B5E2A2A001599F2 /* Resources */ = {
			isa = PBXGroup;
			children = (
				C4F2E8301B5E2B03001599F2 /* bootstrap.320.min.css */,
				C4F2E8311B5E2B03001599F2 /* bootstrap.320.min.js */,
				C4F2E82D1B5E2A2A001599F2 /* jquery-2.1.1.min.js */,
			);
			path = Resources;
			sourceTree = "<group>";
		};
/* End PBXGroup section */

/* Begin PBXNativeTarget section */
		C44554391B5D19B100E300B8 /* nxscae */ = {
			isa = PBXNativeTarget;
			buildConfigurationList = C445545D1B5D19B100E300B8 /* Build configuration list for PBXNativeTarget "nxscae" */;
			buildPhases = (
				DF09D2E658410F8D6638C320 /* Check Pods Manifest.lock */,
				C44554361B5D19B100E300B8 /* Sources */,
				C44554371B5D19B100E300B8 /* Frameworks */,
				C44554381B5D19B100E300B8 /* Resources */,
				33840A9D8571D1F5589CC3EE /* Copy Pods Resources */,
			);
			buildRules = (
			);
			dependencies = (
			);
			name = nxscae;
			productName = nxscae;
			productReference = C445543A1B5D19B100E300B8 /* nxscae.app */;
			productType = "com.apple.product-type.application";
		};
		C44554521B5D19B100E300B8 /* nxscaeTests */ = {
			isa = PBXNativeTarget;
			buildConfigurationList = C44554601B5D19B100E300B8 /* Build configuration list for PBXNativeTarget "nxscaeTests" */;
			buildPhases = (
				C445544F1B5D19B100E300B8 /* Sources */,
				C44554501B5D19B100E300B8 /* Frameworks */,
				C44554511B5D19B100E300B8 /* Resources */,
			);
			buildRules = (
			);
			dependencies = (
				C44554551B5D19B100E300B8 /* PBXTargetDependency */,
			);
			name = nxscaeTests;
			productName = nxscaeTests;
			productReference = C44554531B5D19B100E300B8 /* nxscaeTests.xctest */;
			productType = "com.apple.product-type.bundle.unit-test";
		};
/* End PBXNativeTarget section */

/* Begin PBXProject section */
		C44554321B5D19B100E300B8 /* Project object */ = {
			isa = PBXProject;
			attributes = {
				LastUpgradeCheck = 0630;
				ORGANIZATIONNAME = solife;
				TargetAttributes = {
					C44554391B5D19B100E300B8 = {
						CreatedOnToolsVersion = 6.3.2;
						DevelopmentTeam = WV94P663S4;
					};
					C44554521B5D19B100E300B8 = {
						CreatedOnToolsVersion = 6.3.2;
						TestTargetID = C44554391B5D19B100E300B8;
					};
				};
			};
			buildConfigurationList = C44554351B5D19B100E300B8 /* Build configuration list for PBXProject "nxscae" */;
			compatibilityVersion = "Xcode 3.2";
			developmentRegion = English;
			hasScannedForEncodings = 0;
			knownRegions = (
				en,
				Base,
			);
			mainGroup = C44554311B5D19B100E300B8;
			productRefGroup = C445543B1B5D19B100E300B8 /* Products */;
			projectDirPath = "";
			projectRoot = "";
			targets = (
				C44554391B5D19B100E300B8 /* nxscae */,
				C44554521B5D19B100E300B8 /* nxscaeTests */,
			);
		};
/* End PBXProject section */

/* Begin PBXResourcesBuildPhase section */
		C44554381B5D19B100E300B8 /* Resources */ = {
			isa = PBXResourcesBuildPhase;
			buildActionMask = 2147483647;
			files = (
				C4F2E82F1B5E2A2A001599F2 /* jquery-2.1.1.min.js in Resources */,
				C4F2E8321B5E2B03001599F2 /* bootstrap.320.min.css in Resources */,
				C4F2E8331B5E2B03001599F2 /* bootstrap.320.min.js in Resources */,
				C44554491B5D19B100E300B8 /* Main.storyboard in Resources */,
				C445544E1B5D19B100E300B8 /* LaunchScreen.xib in Resources */,
				C445544B1B5D19B100E300B8 /* Images.xcassets in Resources */,
			);
			runOnlyForDeploymentPostprocessing = 0;
		};
		C44554511B5D19B100E300B8 /* Resources */ = {
			isa = PBXResourcesBuildPhase;
			buildActionMask = 2147483647;
			files = (
			);
			runOnlyForDeploymentPostprocessing = 0;
		};
/* End PBXResourcesBuildPhase section */

/* Begin PBXShellScriptBuildPhase section */
		33840A9D8571D1F5589CC3EE /* Copy Pods Resources */ = {
			isa = PBXShellScriptBuildPhase;
			buildActionMask = 2147483647;
			files = (
			);
			inputPaths = (
			);
			name = "Copy Pods Resources";
			outputPaths = (
			);
			runOnlyForDeploymentPostprocessing = 0;
			shellPath = /bin/sh;
			shellScript = "\"${SRCROOT}/Pods/Target Support Files/Pods/Pods-resources.sh\"\n";
			showEnvVarsInLog = 0;
		};
		DF09D2E658410F8D6638C320 /* Check Pods Manifest.lock */ = {
			isa = PBXShellScriptBuildPhase;
			buildActionMask = 2147483647;
			files = (
			);
			inputPaths = (
			);
			name = "Check Pods Manifest.lock";
			outputPaths = (
			);
			runOnlyForDeploymentPostprocessing = 0;
			shellPath = /bin/sh;
			shellScript = "diff \"${PODS_ROOT}/../Podfile.lock\" \"${PODS_ROOT}/Manifest.lock\" > /dev/null\nif [[ $? != 0 ]] ; then\n    cat << EOM\nerror: The sandbox is not in sync with the Podfile.lock. Run 'pod install' or update your CocoaPods installation.\nEOM\n    exit 1\nfi\n";
			showEnvVarsInLog = 0;
		};
/* End PBXShellScriptBuildPhase section */

/* Begin PBXSourcesBuildPhase section */
		C44554361B5D19B100E300B8 /* Sources */ = {
			isa = PBXSourcesBuildPhase;
			buildActionMask = 2147483647;
			files = (
				C47F87C81B5D407600AFFDEC /* HttpUtils.m in Sources */,
				C47F88291B5D413900AFFDEC /* BaseModel.m in Sources */,
				C44554461B5D19B100E300B8 /* ViewController.m in Sources */,
				C47F87C51B5D407600AFFDEC /* ExtendNSLogFunctionality.m in Sources */,
				C47F88331B5D415000AFFDEC /* Product.m in Sources */,
				C47F88441B5D538C00AFFDEC /* ProductDayInfo.m in Sources */,
				C47F88371B5D418F00AFFDEC /* ProductCache.m in Sources */,
				C419D29F1B5F79B3008A2C66 /* HtmlBuilder.m in Sources */,
				C47F87C11B5D407600AFFDEC /* ApiHelper.m in Sources */,
				C47F882A1B5D413900AFFDEC /* HttpResponse.m in Sources */,
				C47F87C41B5D407600AFFDEC /* DateUtils.m in Sources */,
				C47F87C91B5D407600AFFDEC /* ViewUtils.m in Sources */,
				C47F87C01B5D407600AFFDEC /* DatabaseUtils.m in Sources */,
				C47F884A1B5D54FA00AFFDEC /* DatabaseUtils+Product.m in Sources */,
				C47F87C71B5D407600AFFDEC /* FileUtils.m in Sources */,
				C44554431B5D19B100E300B8 /* AppDelegate.m in Sources */,
				C44554401B5D19B100E300B8 /* main.m in Sources */,
			);
			runOnlyForDeploymentPostprocessing = 0;
		};
		C445544F1B5D19B100E300B8 /* Sources */ = {
			isa = PBXSourcesBuildPhase;
			buildActionMask = 2147483647;
			files = (
				C445545A1B5D19B100E300B8 /* nxscaeTests.m in Sources */,
			);
			runOnlyForDeploymentPostprocessing = 0;
		};
/* End PBXSourcesBuildPhase section */

/* Begin PBXTargetDependency section */
		C44554551B5D19B100E300B8 /* PBXTargetDependency */ = {
			isa = PBXTargetDependency;
			target = C44554391B5D19B100E300B8 /* nxscae */;
			targetProxy = C44554541B5D19B100E300B8 /* PBXContainerItemProxy */;
		};
/* End PBXTargetDependency section */

/* Begin PBXVariantGroup section */
		C44554471B5D19B100E300B8 /* Main.storyboard */ = {
			isa = PBXVariantGroup;
			children = (
				C44554481B5D19B100E300B8 /* Base */,
			);
			name = Main.storyboard;
			sourceTree = "<group>";
		};
		C445544C1B5D19B100E300B8 /* LaunchScreen.xib */ = {
			isa = PBXVariantGroup;
			children = (
				C445544D1B5D19B100E300B8 /* Base */,
			);
			name = LaunchScreen.xib;
			sourceTree = "<group>";
		};
/* End PBXVariantGroup section */

/* Begin XCBuildConfiguration section */
		C445545B1B5D19B100E300B8 /* Debug */ = {
			isa = XCBuildConfiguration;
			buildSettings = {
				ALWAYS_SEARCH_USER_PATHS = NO;
				CLANG_CXX_LANGUAGE_STANDARD = "gnu++0x";
				CLANG_CXX_LIBRARY = "libc++";
				CLANG_ENABLE_MODULES = YES;
				CLANG_ENABLE_OBJC_ARC = YES;
				CLANG_WARN_BOOL_CONVERSION = YES;
				CLANG_WARN_CONSTANT_CONVERSION = YES;
				CLANG_WARN_DIRECT_OBJC_ISA_USAGE = YES_ERROR;
				CLANG_WARN_EMPTY_BODY = YES;
				CLANG_WARN_ENUM_CONVERSION = YES;
				CLANG_WARN_INT_CONVERSION = YES;
				CLANG_WARN_OBJC_ROOT_CLASS = YES_ERROR;
				CLANG_WARN_UNREACHABLE_CODE = YES;
				CLANG_WARN__DUPLICATE_METHOD_MATCH = YES;
				"CODE_SIGN_IDENTITY[sdk=iphoneos*]" = "iPhone Developer";
				COPY_PHASE_STRIP = NO;
				DEBUG_INFORMATION_FORMAT = "dwarf-with-dsym";
				ENABLE_STRICT_OBJC_MSGSEND = YES;
				GCC_C_LANGUAGE_STANDARD = gnu99;
				GCC_DYNAMIC_NO_PIC = NO;
				GCC_NO_COMMON_BLOCKS = YES;
				GCC_OPTIMIZATION_LEVEL = 0;
				GCC_PREPROCESSOR_DEFINITIONS = (
					"DEBUG=1",
					"$(inherited)",
				);
				GCC_SYMBOLS_PRIVATE_EXTERN = NO;
				GCC_WARN_64_TO_32_BIT_CONVERSION = YES;
				GCC_WARN_ABOUT_RETURN_TYPE = YES_ERROR;
				GCC_WARN_UNDECLARED_SELECTOR = YES;
				GCC_WARN_UNINITIALIZED_AUTOS = YES_AGGRESSIVE;
				GCC_WARN_UNUSED_FUNCTION = YES;
				GCC_WARN_UNUSED_VARIABLE = YES;
				IPHONEOS_DEPLOYMENT_TARGET = 8.0;
				MTL_ENABLE_DEBUG_INFO = YES;
				ONLY_ACTIVE_ARCH = YES;
				SDKROOT = iphoneos;
				TARGETED_DEVICE_FAMILY = "1,2";
			};
			name = Debug;
		};
		C445545C1B5D19B100E300B8 /* Release */ = {
			isa = XCBuildConfiguration;
			buildSettings = {
				ALWAYS_SEARCH_USER_PATHS = NO;
				CLANG_CXX_LANGUAGE_STANDARD = "gnu++0x";
				CLANG_CXX_LIBRARY = "libc++";
				CLANG_ENABLE_MODULES = YES;
				CLANG_ENABLE_OBJC_ARC = YES;
				CLANG_WARN_BOOL_CONVERSION = YES;
				CLANG_WARN_CONSTANT_CONVERSION = YES;
				CLANG_WARN_DIRECT_OBJC_ISA_USAGE = YES_ERROR;
				CLANG_WARN_EMPTY_BODY = YES;
				CLANG_WARN_ENUM_CONVERSION = YES;
				CLANG_WARN_INT_CONVERSION = YES;
				CLANG_WARN_OBJC_ROOT_CLASS = YES_ERROR;
				CLANG_WARN_UNREACHABLE_CODE = YES;
				CLANG_WARN__DUPLICATE_METHOD_MATCH = YES;
				"CODE_SIGN_IDENTITY[sdk=iphoneos*]" = "iPhone Developer";
				COPY_PHASE_STRIP = NO;
				DEBUG_INFORMATION_FORMAT = "dwarf-with-dsym";
				ENABLE_NS_ASSERTIONS = NO;
				ENABLE_STRICT_OBJC_MSGSEND = YES;
				GCC_C_LANGUAGE_STANDARD = gnu99;
				GCC_NO_COMMON_BLOCKS = YES;
				GCC_WARN_64_TO_32_BIT_CONVERSION = YES;
				GCC_WARN_ABOUT_RETURN_TYPE = YES_ERROR;
				GCC_WARN_UNDECLARED_SELECTOR = YES;
				GCC_WARN_UNINITIALIZED_AUTOS = YES_AGGRESSIVE;
				GCC_WARN_UNUSED_FUNCTION = YES;
				GCC_WARN_UNUSED_VARIABLE = YES;
				IPHONEOS_DEPLOYMENT_TARGET = 8.0;
				MTL_ENABLE_DEBUG_INFO = NO;
				SDKROOT = iphoneos;
				TARGETED_DEVICE_FAMILY = "1,2";
				VALIDATE_PRODUCT = YES;
			};
			name = Release;
		};
		C445545E1B5D19B100E300B8 /* Debug */ = {
			isa = XCBuildConfiguration;
			baseConfigurationReference = 853D365B89E315AAB006368B /* Pods.debug.xcconfig */;
			buildSettings = {
				ASSETCATALOG_COMPILER_APPICON_NAME = AppIcon;
				CODE_SIGN_IDENTITY = "iPhone Developer";
				"CODE_SIGN_IDENTITY[sdk=iphoneos*]" = "iPhone Distribution";
				INFOPLIST_FILE = nxscae/Info.plist;
				IPHONEOS_DEPLOYMENT_TARGET = 7.0;
				LD_RUNPATH_SEARCH_PATHS = "$(inherited) @executable_path/Frameworks";
				PRODUCT_NAME = "$(TARGET_NAME)";
			};
			name = Debug;
		};
		C445545F1B5D19B100E300B8 /* Release */ = {
			isa = XCBuildConfiguration;
			baseConfigurationReference = 35011A96913A56170FBD59A2 /* Pods.release.xcconfig */;
			buildSettings = {
				ASSETCATALOG_COMPILER_APPICON_NAME = AppIcon;
				CODE_SIGN_IDENTITY = "iPhone Developer";
				"CODE_SIGN_IDENTITY[sdk=iphoneos*]" = "iPhone Distribution";
				INFOPLIST_FILE = nxscae/Info.plist;
				IPHONEOS_DEPLOYMENT_TARGET = 7.0;
				LD_RUNPATH_SEARCH_PATHS = "$(inherited) @executable_path/Frameworks";
				PRODUCT_NAME = "$(TARGET_NAME)";
			};
			name = Release;
		};
		C44554611B5D19B100E300B8 /* Debug */ = {
			isa = XCBuildConfiguration;
			baseConfigurationReference = 853D365B89E315AAB006368B /* Pods.debug.xcconfig */;
			buildSettings = {
				BUNDLE_LOADER = "$(TEST_HOST)";
				FRAMEWORK_SEARCH_PATHS = (
					"$(SDKROOT)/Developer/Library/Frameworks",
					"$(inherited)",
				);
				GCC_PREPROCESSOR_DEFINITIONS = (
					"DEBUG=1",
					"$(inherited)",
				);
				INFOPLIST_FILE = nxscaeTests/Info.plist;
				LD_RUNPATH_SEARCH_PATHS = "$(inherited) @executable_path/Frameworks @loader_path/Frameworks";
				PRODUCT_NAME = "$(TARGET_NAME)";
				TEST_HOST = "$(BUILT_PRODUCTS_DIR)/nxscae.app/nxscae";
			};
			name = Debug;
		};
		C44554621B5D19B100E300B8 /* Release */ = {
			isa = XCBuildConfiguration;
			baseConfigurationReference = 35011A96913A56170FBD59A2 /* Pods.release.xcconfig */;
			buildSettings = {
				BUNDLE_LOADER = "$(TEST_HOST)";
				FRAMEWORK_SEARCH_PATHS = (
					"$(SDKROOT)/Developer/Library/Frameworks",
					"$(inherited)",
				);
				INFOPLIST_FILE = nxscaeTests/Info.plist;
				LD_RUNPATH_SEARCH_PATHS = "$(inherited) @executable_path/Frameworks @loader_path/Frameworks";
				PRODUCT_NAME = "$(TARGET_NAME)";
				TEST_HOST = "$(BUILT_PRODUCTS_DIR)/nxscae.app/nxscae";
			};
			name = Release;
		};
/* End XCBuildConfiguration section */

/* Begin XCConfigurationList section */
		C44554351B5D19B100E300B8 /* Build configuration list for PBXProject "nxscae" */ = {
			isa = XCConfigurationList;
			buildConfigurations = (
				C445545B1B5D19B100E300B8 /* Debug */,
				C445545C1B5D19B100E300B8 /* Release */,
			);
			defaultConfigurationIsVisible = 0;
			defaultConfigurationName = Release;
		};
		C445545D1B5D19B100E300B8 /* Build configuration list for PBXNativeTarget "nxscae" */ = {
			isa = XCConfigurationList;
			buildConfigurations = (
				C445545E1B5D19B100E300B8 /* Debug */,
				C445545F1B5D19B100E300B8 /* Release */,
			);
			defaultConfigurationIsVisible = 0;
			defaultConfigurationName = Release;
		};
		C44554601B5D19B100E300B8 /* Build configuration list for PBXNativeTarget "nxscaeTests" */ = {
			isa = XCConfigurationList;
			buildConfigurations = (
				C44554611B5D19B100E300B8 /* Debug */,
				C44554621B5D19B100E300B8 /* Release */,
			);
			defaultConfigurationIsVisible = 0;
			defaultConfigurationName = Release;
		};
/* End XCConfigurationList section */
	};
	rootObject = C44554321B5D19B100E300B8 /* Project object */;
}
